// !$*UTF8*$!
{
	archiveVersion = 1;
	classes = {
	};
	objectVersion = 46;
	objects = {

/* Begin PBXBuildFile section */
		AC3E26FF15597AD2002449CF /* UIKit.framework in Frameworks */ = {isa = PBXBuildFile; fileRef = AC3E26FE15597AD2002449CF /* UIKit.framework */; };
		AC3E270115597AD2002449CF /* Foundation.framework in Frameworks */ = {isa = PBXBuildFile; fileRef = AC3E270015597AD2002449CF /* Foundation.framework */; };
		AC3E270315597AD2002449CF /* CoreGraphics.framework in Frameworks */ = {isa = PBXBuildFile; fileRef = AC3E270215597AD2002449CF /* CoreGraphics.framework */; };
		AC3E270915597AD2002449CF /* InfoPlist.strings in Resources */ = {isa = PBXBuildFile; fileRef = AC3E270715597AD2002449CF /* InfoPlist.strings */; };
		AC3E270B15597AD2002449CF /* main.m in Sources */ = {isa = PBXBuildFile; fileRef = AC3E270A15597AD2002449CF /* main.m */; };
		AC3E270F15597AD2002449CF /* JJAppDelegate.m in Sources */ = {isa = PBXBuildFile; fileRef = AC3E270E15597AD2002449CF /* JJAppDelegate.m */; };
		AC3E271215597AD2002449CF /* MainStoryboard_iPhone.storyboard in Resources */ = {isa = PBXBuildFile; fileRef = AC3E271015597AD2002449CF /* MainStoryboard_iPhone.storyboard */; };
		AC3E271515597AD2002449CF /* MainStoryboard_iPad.storyboard in Resources */ = {isa = PBXBuildFile; fileRef = AC3E271315597AD2002449CF /* MainStoryboard_iPad.storyboard */; };
		AC3E272015597AD2002449CF /* SenTestingKit.framework in Frameworks */ = {isa = PBXBuildFile; fileRef = AC3E271F15597AD2002449CF /* SenTestingKit.framework */; };
		AC3E272115597AD2002449CF /* UIKit.framework in Frameworks */ = {isa = PBXBuildFile; fileRef = AC3E26FE15597AD2002449CF /* UIKit.framework */; };
		AC3E272215597AD2002449CF /* Foundation.framework in Frameworks */ = {isa = PBXBuildFile; fileRef = AC3E270015597AD2002449CF /* Foundation.framework */; };
		AC3E272A15597AD2002449CF /* InfoPlist.strings in Resources */ = {isa = PBXBuildFile; fileRef = AC3E272815597AD2002449CF /* InfoPlist.strings */; };
		AC3E272D15597AD2002449CF /* JamJoynTests.m in Sources */ = {isa = PBXBuildFile; fileRef = AC3E272C15597AD2002449CF /* JamJoynTests.m */; };
		AC3E27BA15597C66002449CF /* AJNBus.m in Sources */ = {isa = PBXBuildFile; fileRef = AC3E278E15597C66002449CF /* AJNBus.m */; };
		AC3E27BB15597C66002449CF /* AJNBusAttachment.mm in Sources */ = {isa = PBXBuildFile; fileRef = AC3E279015597C66002449CF /* AJNBusAttachment.mm */; };
		AC3E27BC15597C66002449CF /* AJNBusListenerImpl.mm in Sources */ = {isa = PBXBuildFile; fileRef = AC3E279415597C66002449CF /* AJNBusListenerImpl.mm */; };
		AC3E27BD15597C66002449CF /* AJNBusObject.mm in Sources */ = {isa = PBXBuildFile; fileRef = AC3E279615597C66002449CF /* AJNBusObject.mm */; };
		AC3E27BE15597C66002449CF /* AJNBusObjectImpl.mm in Sources */ = {isa = PBXBuildFile; fileRef = AC3E279815597C66002449CF /* AJNBusObjectImpl.mm */; };
		AC3E27BF15597C66002449CF /* AJNInterfaceDescription.mm in Sources */ = {isa = PBXBuildFile; fileRef = AC3E279B15597C66002449CF /* AJNInterfaceDescription.mm */; };
		AC3E27C015597C66002449CF /* AJNInterfaceMember.mm in Sources */ = {isa = PBXBuildFile; fileRef = AC3E279D15597C66002449CF /* AJNInterfaceMember.mm */; };
		AC3E27C115597C66002449CF /* AJNInterfaceProperty.mm in Sources */ = {isa = PBXBuildFile; fileRef = AC3E279F15597C66002449CF /* AJNInterfaceProperty.mm */; };
		AC3E27C215597C66002449CF /* AJNMessage.mm in Sources */ = {isa = PBXBuildFile; fileRef = AC3E27A115597C66002449CF /* AJNMessage.mm */; };
		AC3E27C315597C66002449CF /* AJNMessageArgument.mm in Sources */ = {isa = PBXBuildFile; fileRef = AC3E27A315597C66002449CF /* AJNMessageArgument.mm */; };
		AC3E27C415597C66002449CF /* AJNObject.m in Sources */ = {isa = PBXBuildFile; fileRef = AC3E27A515597C66002449CF /* AJNObject.m */; };
		AC3E27C515597C66002449CF /* AJNProxyBusObject.mm in Sources */ = {isa = PBXBuildFile; fileRef = AC3E27A715597C66002449CF /* AJNProxyBusObject.mm */; };
		AC3E27C615597C66002449CF /* AJNSessionListenerImpl.mm in Sources */ = {isa = PBXBuildFile; fileRef = AC3E27AA15597C66002449CF /* AJNSessionListenerImpl.mm */; };
		AC3E27C715597C66002449CF /* AJNSessionOptions.mm in Sources */ = {isa = PBXBuildFile; fileRef = AC3E27AC15597C66002449CF /* AJNSessionOptions.mm */; };
		AC3E27C815597C66002449CF /* AJNSessionPortListenerImpl.mm in Sources */ = {isa = PBXBuildFile; fileRef = AC3E27AF15597C66002449CF /* AJNSessionPortListenerImpl.mm */; };
		AC3E27C915597C66002449CF /* AJNSignalHandlerImpl.mm in Sources */ = {isa = PBXBuildFile; fileRef = AC3E27B215597C66002449CF /* AJNSignalHandlerImpl.mm */; };
		AC3E27CA15597C66002449CF /* AJNStatus.m in Sources */ = {isa = PBXBuildFile; fileRef = AC3E27B415597C66002449CF /* AJNStatus.m */; };
		AC3E27CB15597C66002449CF /* AJNTransportMask.m in Sources */ = {isa = PBXBuildFile; fileRef = AC3E27B615597C66002449CF /* AJNTransportMask.m */; };
		AC3E27CC15597C66002449CF /* AJNVersion.mm in Sources */ = {isa = PBXBuildFile; fileRef = AC3E27B915597C66002449CF /* AJNVersion.mm */; };
		AC3E27D515598A73002449CF /* JJManager.mm in Sources */ = {isa = PBXBuildFile; fileRef = AC3E27D415598A73002449CF /* JJManager.mm */; };
		AC3E27D81559926D002449CF /* JJConstants.m in Sources */ = {isa = PBXBuildFile; fileRef = AC3E27D71559926D002449CF /* JJConstants.m */; };
		AC3E27DB1559A099002449CF /* JJRoomTableViewControllerViewController.m in Sources */ = {isa = PBXBuildFile; fileRef = AC3E27DA1559A098002449CF /* JJRoomTableViewControllerViewController.m */; };
		AC3E28591559D32C002449CF /* JJService.mm in Sources */ = {isa = PBXBuildFile; fileRef = AC3E28581559D32C002449CF /* JJService.mm */; };
		AC4546E81594E20800F81B44 /* icon-48x48.png in Resources */ = {isa = PBXBuildFile; fileRef = AC4546E71594E20800F81B44 /* icon-48x48.png */; };
		AC4546EB1594E27F00F81B44 /* icon.png in Resources */ = {isa = PBXBuildFile; fileRef = AC4546EA1594E27F00F81B44 /* icon.png */; };
		AC4546F31594E72600F81B44 /* Default-Landscape~ipad.png in Resources */ = {isa = PBXBuildFile; fileRef = AC4546F21594E72600F81B44 /* Default-Landscape~ipad.png */; };
		AC4546F51594E73100F81B44 /* Default-Portrait~ipad.png in Resources */ = {isa = PBXBuildFile; fileRef = AC4546F41594E73100F81B44 /* Default-Portrait~ipad.png */; };
		AC4546F81594E7AD00F81B44 /* Default.png in Resources */ = {isa = PBXBuildFile; fileRef = AC4546F61594E7AC00F81B44 /* Default.png */; };
		AC4546F91594E7AD00F81B44 /* Default-Landscape.png in Resources */ = {isa = PBXBuildFile; fileRef = AC4546F71594E7AD00F81B44 /* Default-Landscape.png */; };
		AC4546FB1594E7D800F81B44 /* Default@2x.png in Resources */ = {isa = PBXBuildFile; fileRef = AC4546FA1594E7D800F81B44 /* Default@2x.png */; };
		AC4546FD159506BD00F81B44 /* AudioToolbox.framework in Frameworks */ = {isa = PBXBuildFile; fileRef = AC4546FC159506BD00F81B44 /* AudioToolbox.framework */; };
		AC4546FF159507F700F81B44 /* MediaPlayer.framework in Frameworks */ = {isa = PBXBuildFile; fileRef = AC4546FE159507F700F81B44 /* MediaPlayer.framework */; };
		AC45470115950F7D00F81B44 /* play.png in Resources */ = {isa = PBXBuildFile; fileRef = AC45470015950F7D00F81B44 /* play.png */; };
		AC4547031598C41500F81B44 /* pause.png in Resources */ = {isa = PBXBuildFile; fileRef = AC4547021598C41400F81B44 /* pause.png */; };
		AC4547051598C41F00F81B44 /* stop.png in Resources */ = {isa = PBXBuildFile; fileRef = AC4547041598C41F00F81B44 /* stop.png */; };
		AC45470715992F4400F81B44 /* Alljoyn-Icon.png in Resources */ = {isa = PBXBuildFile; fileRef = AC45470615992F4300F81B44 /* Alljoyn-Icon.png */; };
		AC9ADC0A155C148A007B46FA /* JJPlaylistViewController.mm in Sources */ = {isa = PBXBuildFile; fileRef = AC9ADC09155C148A007B46FA /* JJPlaylistViewController.mm */; };
		AC9ADC0E155C149F007B46FA /* JJSongViewController.mm in Sources */ = {isa = PBXBuildFile; fileRef = AC9ADC0D155C149F007B46FA /* JJSongViewController.mm */; };
		ACA3BBCF1586B46D0010F1C5 /* JJMediaSourceModel.xml in Resources */ = {isa = PBXBuildFile; fileRef = ACA3BBCE1586B46D0010F1C5 /* JJMediaSourceModel.xml */; };
		ACA3BBD51586BA7E0010F1C5 /* JJMediaStreamModel.xml in Resources */ = {isa = PBXBuildFile; fileRef = ACA3BBD41586BA7D0010F1C5 /* JJMediaStreamModel.xml */; };
		ACA3BD4D158908310010F1C5 /* AVFoundation.framework in Frameworks */ = {isa = PBXBuildFile; fileRef = ACA3BD4C158908310010F1C5 /* AVFoundation.framework */; };
		ACA776FA1586714C00DF22E1 /* AJNAuthenticationListenerImpl.mm in Sources */ = {isa = PBXBuildFile; fileRef = ACA776F41586714C00DF22E1 /* AJNAuthenticationListenerImpl.mm */; };
		ACA776FB1586714C00DF22E1 /* AJNKeyStoreListenerImpl.mm in Sources */ = {isa = PBXBuildFile; fileRef = ACA776F71586714C00DF22E1 /* AJNKeyStoreListenerImpl.mm */; };
		ACA776FC1586714C00DF22E1 /* AJNSecurityCredentials.mm in Sources */ = {isa = PBXBuildFile; fileRef = ACA776F91586714C00DF22E1 /* AJNSecurityCredentials.mm */; };
		ACEE2F2015894BEB003511B1 /* BundledDaemon.o in Frameworks */ = {isa = PBXBuildFile; fileRef = ACEE2F1C15894BEB003511B1 /* BundledDaemon.o */; };
		ACEE2F2115894BEB003511B1 /* libajdaemon.a in Frameworks */ = {isa = PBXBuildFile; fileRef = ACEE2F1D15894BEB003511B1 /* libajdaemon.a */; };
		ACEE2F2215894BEB003511B1 /* libajstream.a in Frameworks */ = {isa = PBXBuildFile; fileRef = ACEE2F1E15894BEB003511B1 /* libajstream.a */; };
		ACEE2F2315894BEB003511B1 /* liballjoyn.a in Frameworks */ = {isa = PBXBuildFile; fileRef = ACEE2F1F15894BEB003511B1 /* liballjoyn.a */; };
		ACEE2F2615894C1D003511B1 /* libcrypto.a in Frameworks */ = {isa = PBXBuildFile; fileRef = ACEE2F2415894C1D003511B1 /* libcrypto.a */; };
		ACEE2F2715894C1D003511B1 /* libssl.a in Frameworks */ = {isa = PBXBuildFile; fileRef = ACEE2F2515894C1D003511B1 /* libssl.a */; };
		ACF4F7B51591391000B02724 /* Classical Selection I.jpg in Resources */ = {isa = PBXBuildFile; fileRef = ACF4F7971591391000B02724 /* Classical Selection I.jpg */; };
		ACF4F7B61591391000B02724 /* Classical Selection I\Toccata_And_Fugue_In_D_Minor_CLAS_0001_02101.mp3 in Resources */ = {isa = PBXBuildFile; fileRef = ACF4F7981591391000B02724 /* Classical Selection I\Toccata_And_Fugue_In_D_Minor_CLAS_0001_02101.mp3 */; };
		ACF4F7B71591391000B02724 /* Epic Classical.jpg in Resources */ = {isa = PBXBuildFile; fileRef = ACF4F79A1591391000B02724 /* Epic Classical.jpg */; };
		ACF4F7B81591391000B02724 /* Epic Classical\Swan_Lake__Scene_Finale_WOM_0108_00401.mp3 in Resources */ = {isa = PBXBuildFile; fileRef = ACF4F79B1591391000B02724 /* Epic Classical\Swan_Lake__Scene_Finale_WOM_0108_00401.mp3 */; };
		ACF4F7B91591391000B02724 /* Popular Classics.jpg in Resources */ = {isa = PBXBuildFile; fileRef = ACF4F79D1591391000B02724 /* Popular Classics.jpg */; };
		ACF4F7BA1591391000B02724 /* Popular Classics\Ride_of_the_Valkyries_JM_0044_01901.mp3 in Resources */ = {isa = PBXBuildFile; fileRef = ACF4F79E1591391000B02724 /* Popular Classics\Ride_of_the_Valkyries_JM_0044_01901.mp3 */; };
		ACF4F7BB1591391000B02724 /* RAF Brass and Wind Bands 3.jpg in Resources */ = {isa = PBXBuildFile; fileRef = ACF4F7A01591391000B02724 /* RAF Brass and Wind Bands 3.jpg */; };
		ACF4F7BC1591391000B02724 /* RAF Brass and Wind Bands 3\Battle_Hymn_of_the_Republic_KPM_0651_01901.mp3 in Resources */ = {isa = PBXBuildFile; fileRef = ACF4F7A11591391000B02724 /* RAF Brass and Wind Bands 3\Battle_Hymn_of_the_Republic_KPM_0651_01901.mp3 */; };
		ACF4F7BD1591391000B02724 /* RNM 19.jpg in Resources */ = {isa = PBXBuildFile; fileRef = ACF4F7A31591391000B02724 /* RNM 19.jpg */; };
		ACF4F7BE1591391000B02724 /* RNM 19\1000_RNM_0019_00101.mp3 in Resources */ = {isa = PBXBuildFile; fileRef = ACF4F7A41591391000B02724 /* RNM 19\1000_RNM_0019_00101.mp3 */; };
		ACF4F7BF1591391000B02724 /* RNM 19\Burning_for_Love_RNM_0019_01901.mp3 in Resources */ = {isa = PBXBuildFile; fileRef = ACF4F7A51591391000B02724 /* RNM 19\Burning_for_Love_RNM_0019_01901.mp3 */; };
		ACF4F7C01591391000B02724 /* RNM 19\I_m_on_Fire_RNM_0019_00301.mp3 in Resources */ = {isa = PBXBuildFile; fileRef = ACF4F7A61591391000B02724 /* RNM 19\I_m_on_Fire_RNM_0019_00301.mp3 */; };
		ACF4F7C11591391000B02724 /* RNM 19\Wildcat_RNM_0019_01501.mp3 in Resources */ = {isa = PBXBuildFile; fileRef = ACF4F7A71591391000B02724 /* RNM 19\Wildcat_RNM_0019_01501.mp3 */; };
		ACF4F7C21591391000B02724 /* RNM 34.jpg in Resources */ = {isa = PBXBuildFile; fileRef = ACF4F7A91591391000B02724 /* RNM 34.jpg */; };
		ACF4F7C31591391000B02724 /* RNM 34.png in Resources */ = {isa = PBXBuildFile; fileRef = ACF4F7AA1591391000B02724 /* RNM 34.png */; };
		ACF4F7C41591391000B02724 /* RNM 34\Hopeless_Disposition_RNM_0034_00301.mp3 in Resources */ = {isa = PBXBuildFile; fileRef = ACF4F7AB1591391000B02724 /* RNM 34\Hopeless_Disposition_RNM_0034_00301.mp3 */; };
		ACF4F7C51591391000B02724 /* RNM 34\Love_Is_a_Tricky_Thing_RNM_0034_01601.mp3 in Resources */ = {isa = PBXBuildFile; fileRef = ACF4F7AC1591391000B02724 /* RNM 34\Love_Is_a_Tricky_Thing_RNM_0034_01601.mp3 */; };
		ACF4F7C61591391000B02724 /* RNM 34\Rest_of_My_Life_RNM_0034_00101.mp3 in Resources */ = {isa = PBXBuildFile; fileRef = ACF4F7AD1591391000B02724 /* RNM 34\Rest_of_My_Life_RNM_0034_00101.mp3 */; };
		ACF4F7C71591391000B02724 /* RNM 34\Sad_Love_Song_RNM_0034_01401.mp3 in Resources */ = {isa = PBXBuildFile; fileRef = ACF4F7AE1591391000B02724 /* RNM 34\Sad_Love_Song_RNM_0034_01401.mp3 */; };
		ACF4F7C81591391000B02724 /* RNM 50.jpg in Resources */ = {isa = PBXBuildFile; fileRef = ACF4F7B01591391000B02724 /* RNM 50.jpg */; };
		ACF4F7C91591391000B02724 /* RNM 50\California_RNM_0050_00101.mp3 in Resources */ = {isa = PBXBuildFile; fileRef = ACF4F7B11591391000B02724 /* RNM 50\California_RNM_0050_00101.mp3 */; };
		ACF4F7CA1591391000B02724 /* RNM 50\Reasons_RNM_0050_01201.mp3 in Resources */ = {isa = PBXBuildFile; fileRef = ACF4F7B21591391000B02724 /* RNM 50\Reasons_RNM_0050_01201.mp3 */; };
		ACF4F7CB1591391000B02724 /* RNM 50\Red_Scare_RNM_0050_01601.mp3 in Resources */ = {isa = PBXBuildFile; fileRef = ACF4F7B31591391000B02724 /* RNM 50\Red_Scare_RNM_0050_01601.mp3 */; };
		ACF4F7CC1591391000B02724 /* RNM 50\Showtime_RNM_0050_00601.mp3 in Resources */ = {isa = PBXBuildFile; fileRef = ACF4F7B41591391000B02724 /* RNM 50\Showtime_RNM_0050_00601.mp3 */; };
		ACFB22451590FB1600E80DC9 /* JJAddSongViewController.m in Sources */ = {isa = PBXBuildFile; fileRef = ACFB22441590FB1600E80DC9 /* JJAddSongViewController.m */; };
		ACFCF7861566A52100BC922D /* SConscript in Resources */ = {isa = PBXBuildFile; fileRef = ACFCF7851566A52100BC922D /* SConscript */; };
/* End PBXBuildFile section */

/* Begin PBXContainerItemProxy section */
		AC3E272315597AD2002449CF /* PBXContainerItemProxy */ = {
			isa = PBXContainerItemProxy;
			containerPortal = AC3E26F115597AD1002449CF /* Project object */;
			proxyType = 1;
			remoteGlobalIDString = AC3E26F915597AD2002449CF;
			remoteInfo = JamJoyn;
		};
/* End PBXContainerItemProxy section */

/* Begin PBXFileReference section */
		AC3E26FA15597AD2002449CF /* JamJoyn.app */ = {isa = PBXFileReference; explicitFileType = wrapper.application; includeInIndex = 0; path = JamJoyn.app; sourceTree = BUILT_PRODUCTS_DIR; };
		AC3E26FE15597AD2002449CF /* UIKit.framework */ = {isa = PBXFileReference; lastKnownFileType = wrapper.framework; name = UIKit.framework; path = System/Library/Frameworks/UIKit.framework; sourceTree = SDKROOT; };
		AC3E270015597AD2002449CF /* Foundation.framework */ = {isa = PBXFileReference; lastKnownFileType = wrapper.framework; name = Foundation.framework; path = System/Library/Frameworks/Foundation.framework; sourceTree = SDKROOT; };
		AC3E270215597AD2002449CF /* CoreGraphics.framework */ = {isa = PBXFileReference; lastKnownFileType = wrapper.framework; name = CoreGraphics.framework; path = System/Library/Frameworks/CoreGraphics.framework; sourceTree = SDKROOT; };
		AC3E270615597AD2002449CF /* JamJoyn-Info.plist */ = {isa = PBXFileReference; lastKnownFileType = text.plist.xml; path = "JamJoyn-Info.plist"; sourceTree = "<group>"; };
		AC3E270815597AD2002449CF /* en */ = {isa = PBXFileReference; lastKnownFileType = text.plist.strings; name = en; path = en.lproj/InfoPlist.strings; sourceTree = "<group>"; };
		AC3E270A15597AD2002449CF /* main.m */ = {isa = PBXFileReference; lastKnownFileType = sourcecode.c.objc; path = main.m; sourceTree = "<group>"; };
		AC3E270C15597AD2002449CF /* JamJoyn-Prefix.pch */ = {isa = PBXFileReference; lastKnownFileType = sourcecode.c.h; path = "JamJoyn-Prefix.pch"; sourceTree = "<group>"; };
		AC3E270D15597AD2002449CF /* JJAppDelegate.h */ = {isa = PBXFileReference; lastKnownFileType = sourcecode.c.h; path = JJAppDelegate.h; sourceTree = "<group>"; };
		AC3E270E15597AD2002449CF /* JJAppDelegate.m */ = {isa = PBXFileReference; lastKnownFileType = sourcecode.c.objc; path = JJAppDelegate.m; sourceTree = "<group>"; };
		AC3E271115597AD2002449CF /* en */ = {isa = PBXFileReference; lastKnownFileType = file.storyboard; name = en; path = en.lproj/MainStoryboard_iPhone.storyboard; sourceTree = "<group>"; };
		AC3E271415597AD2002449CF /* en */ = {isa = PBXFileReference; lastKnownFileType = file.storyboard; name = en; path = en.lproj/MainStoryboard_iPad.storyboard; sourceTree = "<group>"; };
		AC3E271E15597AD2002449CF /* JamJoynTests.octest */ = {isa = PBXFileReference; explicitFileType = wrapper.cfbundle; includeInIndex = 0; path = JamJoynTests.octest; sourceTree = BUILT_PRODUCTS_DIR; };
		AC3E271F15597AD2002449CF /* SenTestingKit.framework */ = {isa = PBXFileReference; lastKnownFileType = wrapper.framework; name = SenTestingKit.framework; path = Library/Frameworks/SenTestingKit.framework; sourceTree = DEVELOPER_DIR; };
		AC3E272715597AD2002449CF /* JamJoynTests-Info.plist */ = {isa = PBXFileReference; lastKnownFileType = text.plist.xml; path = "JamJoynTests-Info.plist"; sourceTree = "<group>"; };
		AC3E272915597AD2002449CF /* en */ = {isa = PBXFileReference; lastKnownFileType = text.plist.strings; name = en; path = en.lproj/InfoPlist.strings; sourceTree = "<group>"; };
		AC3E272B15597AD2002449CF /* JamJoynTests.h */ = {isa = PBXFileReference; lastKnownFileType = sourcecode.c.h; path = JamJoynTests.h; sourceTree = "<group>"; };
		AC3E272C15597AD2002449CF /* JamJoynTests.m */ = {isa = PBXFileReference; lastKnownFileType = sourcecode.c.objc; path = JamJoynTests.m; sourceTree = "<group>"; };
		AC3E278D15597C66002449CF /* AJNBus.h */ = {isa = PBXFileReference; fileEncoding = 4; lastKnownFileType = sourcecode.c.h; name = AJNBus.h; path = ../../../AllJoynFramework/AllJoynFramework/AJNBus.h; sourceTree = "<group>"; };
		AC3E278E15597C66002449CF /* AJNBus.m */ = {isa = PBXFileReference; fileEncoding = 4; lastKnownFileType = sourcecode.c.objc; name = AJNBus.m; path = ../../../AllJoynFramework/AllJoynFramework/AJNBus.m; sourceTree = "<group>"; };
		AC3E278F15597C66002449CF /* AJNBusAttachment.h */ = {isa = PBXFileReference; fileEncoding = 4; lastKnownFileType = sourcecode.c.h; name = AJNBusAttachment.h; path = ../../../AllJoynFramework/AllJoynFramework/AJNBusAttachment.h; sourceTree = "<group>"; };
		AC3E279015597C66002449CF /* AJNBusAttachment.mm */ = {isa = PBXFileReference; fileEncoding = 4; lastKnownFileType = sourcecode.cpp.objcpp; name = AJNBusAttachment.mm; path = ../../../AllJoynFramework/AllJoynFramework/AJNBusAttachment.mm; sourceTree = "<group>"; };
		AC3E279115597C66002449CF /* AJNBusInterface.h */ = {isa = PBXFileReference; fileEncoding = 4; lastKnownFileType = sourcecode.c.h; name = AJNBusInterface.h; path = ../../../AllJoynFramework/AllJoynFramework/AJNBusInterface.h; sourceTree = "<group>"; };
		AC3E279215597C66002449CF /* AJNBusListener.h */ = {isa = PBXFileReference; fileEncoding = 4; lastKnownFileType = sourcecode.c.h; name = AJNBusListener.h; path = ../../../AllJoynFramework/AllJoynFramework/AJNBusListener.h; sourceTree = "<group>"; };
		AC3E279315597C66002449CF /* AJNBusListenerImpl.h */ = {isa = PBXFileReference; fileEncoding = 4; lastKnownFileType = sourcecode.c.h; name = AJNBusListenerImpl.h; path = ../../../AllJoynFramework/AllJoynFramework/AJNBusListenerImpl.h; sourceTree = "<group>"; };
		AC3E279415597C66002449CF /* AJNBusListenerImpl.mm */ = {isa = PBXFileReference; fileEncoding = 4; lastKnownFileType = sourcecode.cpp.objcpp; name = AJNBusListenerImpl.mm; path = ../../../AllJoynFramework/AllJoynFramework/AJNBusListenerImpl.mm; sourceTree = "<group>"; };
		AC3E279515597C66002449CF /* AJNBusObject.h */ = {isa = PBXFileReference; fileEncoding = 4; lastKnownFileType = sourcecode.c.h; name = AJNBusObject.h; path = ../../../AllJoynFramework/AllJoynFramework/AJNBusObject.h; sourceTree = "<group>"; };
		AC3E279615597C66002449CF /* AJNBusObject.mm */ = {isa = PBXFileReference; fileEncoding = 4; lastKnownFileType = sourcecode.cpp.objcpp; name = AJNBusObject.mm; path = ../../../AllJoynFramework/AllJoynFramework/AJNBusObject.mm; sourceTree = "<group>"; };
		AC3E279715597C66002449CF /* AJNBusObjectImpl.h */ = {isa = PBXFileReference; fileEncoding = 4; lastKnownFileType = sourcecode.c.h; name = AJNBusObjectImpl.h; path = ../../../AllJoynFramework/AllJoynFramework/AJNBusObjectImpl.h; sourceTree = "<group>"; };
		AC3E279815597C66002449CF /* AJNBusObjectImpl.mm */ = {isa = PBXFileReference; fileEncoding = 4; lastKnownFileType = sourcecode.cpp.objcpp; name = AJNBusObjectImpl.mm; path = ../../../AllJoynFramework/AllJoynFramework/AJNBusObjectImpl.mm; sourceTree = "<group>"; };
		AC3E279915597C66002449CF /* AJNHandle.h */ = {isa = PBXFileReference; fileEncoding = 4; lastKnownFileType = sourcecode.c.h; name = AJNHandle.h; path = ../../../AllJoynFramework/AllJoynFramework/AJNHandle.h; sourceTree = "<group>"; };
		AC3E279A15597C66002449CF /* AJNInterfaceDescription.h */ = {isa = PBXFileReference; fileEncoding = 4; lastKnownFileType = sourcecode.c.h; name = AJNInterfaceDescription.h; path = ../../../AllJoynFramework/AllJoynFramework/AJNInterfaceDescription.h; sourceTree = "<group>"; };
		AC3E279B15597C66002449CF /* AJNInterfaceDescription.mm */ = {isa = PBXFileReference; fileEncoding = 4; lastKnownFileType = sourcecode.cpp.objcpp; name = AJNInterfaceDescription.mm; path = ../../../AllJoynFramework/AllJoynFramework/AJNInterfaceDescription.mm; sourceTree = "<group>"; };
		AC3E279C15597C66002449CF /* AJNInterfaceMember.h */ = {isa = PBXFileReference; fileEncoding = 4; lastKnownFileType = sourcecode.c.h; name = AJNInterfaceMember.h; path = ../../../AllJoynFramework/AllJoynFramework/AJNInterfaceMember.h; sourceTree = "<group>"; };
		AC3E279D15597C66002449CF /* AJNInterfaceMember.mm */ = {isa = PBXFileReference; fileEncoding = 4; lastKnownFileType = sourcecode.cpp.objcpp; name = AJNInterfaceMember.mm; path = ../../../AllJoynFramework/AllJoynFramework/AJNInterfaceMember.mm; sourceTree = "<group>"; };
		AC3E279E15597C66002449CF /* AJNInterfaceProperty.h */ = {isa = PBXFileReference; fileEncoding = 4; lastKnownFileType = sourcecode.c.h; name = AJNInterfaceProperty.h; path = ../../../AllJoynFramework/AllJoynFramework/AJNInterfaceProperty.h; sourceTree = "<group>"; };
		AC3E279F15597C66002449CF /* AJNInterfaceProperty.mm */ = {isa = PBXFileReference; fileEncoding = 4; lastKnownFileType = sourcecode.cpp.objcpp; name = AJNInterfaceProperty.mm; path = ../../../AllJoynFramework/AllJoynFramework/AJNInterfaceProperty.mm; sourceTree = "<group>"; };
		AC3E27A015597C66002449CF /* AJNMessage.h */ = {isa = PBXFileReference; fileEncoding = 4; lastKnownFileType = sourcecode.c.h; name = AJNMessage.h; path = ../../../AllJoynFramework/AllJoynFramework/AJNMessage.h; sourceTree = "<group>"; };
		AC3E27A115597C66002449CF /* AJNMessage.mm */ = {isa = PBXFileReference; fileEncoding = 4; lastKnownFileType = sourcecode.cpp.objcpp; name = AJNMessage.mm; path = ../../../AllJoynFramework/AllJoynFramework/AJNMessage.mm; sourceTree = "<group>"; };
		AC3E27A215597C66002449CF /* AJNMessageArgument.h */ = {isa = PBXFileReference; fileEncoding = 4; lastKnownFileType = sourcecode.c.h; name = AJNMessageArgument.h; path = ../../../AllJoynFramework/AllJoynFramework/AJNMessageArgument.h; sourceTree = "<group>"; };
		AC3E27A315597C66002449CF /* AJNMessageArgument.mm */ = {isa = PBXFileReference; fileEncoding = 4; lastKnownFileType = sourcecode.cpp.objcpp; name = AJNMessageArgument.mm; path = ../../../AllJoynFramework/AllJoynFramework/AJNMessageArgument.mm; sourceTree = "<group>"; };
		AC3E27A415597C66002449CF /* AJNObject.h */ = {isa = PBXFileReference; fileEncoding = 4; lastKnownFileType = sourcecode.c.h; name = AJNObject.h; path = ../../../AllJoynFramework/AllJoynFramework/AJNObject.h; sourceTree = "<group>"; };
		AC3E27A515597C66002449CF /* AJNObject.m */ = {isa = PBXFileReference; fileEncoding = 4; lastKnownFileType = sourcecode.c.objc; name = AJNObject.m; path = ../../../AllJoynFramework/AllJoynFramework/AJNObject.m; sourceTree = "<group>"; };
		AC3E27A615597C66002449CF /* AJNProxyBusObject.h */ = {isa = PBXFileReference; fileEncoding = 4; lastKnownFileType = sourcecode.c.h; name = AJNProxyBusObject.h; path = ../../../AllJoynFramework/AllJoynFramework/AJNProxyBusObject.h; sourceTree = "<group>"; };
		AC3E27A715597C66002449CF /* AJNProxyBusObject.mm */ = {isa = PBXFileReference; fileEncoding = 4; lastKnownFileType = sourcecode.cpp.objcpp; name = AJNProxyBusObject.mm; path = ../../../AllJoynFramework/AllJoynFramework/AJNProxyBusObject.mm; sourceTree = "<group>"; };
		AC3E27A815597C66002449CF /* AJNSessionListener.h */ = {isa = PBXFileReference; fileEncoding = 4; lastKnownFileType = sourcecode.c.h; name = AJNSessionListener.h; path = ../../../AllJoynFramework/AllJoynFramework/AJNSessionListener.h; sourceTree = "<group>"; };
		AC3E27A915597C66002449CF /* AJNSessionListenerImpl.h */ = {isa = PBXFileReference; fileEncoding = 4; lastKnownFileType = sourcecode.c.h; name = AJNSessionListenerImpl.h; path = ../../../AllJoynFramework/AllJoynFramework/AJNSessionListenerImpl.h; sourceTree = "<group>"; };
		AC3E27AA15597C66002449CF /* AJNSessionListenerImpl.mm */ = {isa = PBXFileReference; fileEncoding = 4; lastKnownFileType = sourcecode.cpp.objcpp; name = AJNSessionListenerImpl.mm; path = ../../../AllJoynFramework/AllJoynFramework/AJNSessionListenerImpl.mm; sourceTree = "<group>"; };
		AC3E27AB15597C66002449CF /* AJNSessionOptions.h */ = {isa = PBXFileReference; fileEncoding = 4; lastKnownFileType = sourcecode.c.h; name = AJNSessionOptions.h; path = ../../../AllJoynFramework/AllJoynFramework/AJNSessionOptions.h; sourceTree = "<group>"; };
		AC3E27AC15597C66002449CF /* AJNSessionOptions.mm */ = {isa = PBXFileReference; fileEncoding = 4; lastKnownFileType = sourcecode.cpp.objcpp; name = AJNSessionOptions.mm; path = ../../../AllJoynFramework/AllJoynFramework/AJNSessionOptions.mm; sourceTree = "<group>"; };
		AC3E27AD15597C66002449CF /* AJNSessionPortListener.h */ = {isa = PBXFileReference; fileEncoding = 4; lastKnownFileType = sourcecode.c.h; name = AJNSessionPortListener.h; path = ../../../AllJoynFramework/AllJoynFramework/AJNSessionPortListener.h; sourceTree = "<group>"; };
		AC3E27AE15597C66002449CF /* AJNSessionPortListenerImpl.h */ = {isa = PBXFileReference; fileEncoding = 4; lastKnownFileType = sourcecode.c.h; name = AJNSessionPortListenerImpl.h; path = ../../../AllJoynFramework/AllJoynFramework/AJNSessionPortListenerImpl.h; sourceTree = "<group>"; };
		AC3E27AF15597C66002449CF /* AJNSessionPortListenerImpl.mm */ = {isa = PBXFileReference; fileEncoding = 4; lastKnownFileType = sourcecode.cpp.objcpp; name = AJNSessionPortListenerImpl.mm; path = ../../../AllJoynFramework/AllJoynFramework/AJNSessionPortListenerImpl.mm; sourceTree = "<group>"; };
		AC3E27B015597C66002449CF /* AJNSignalHandler.h */ = {isa = PBXFileReference; fileEncoding = 4; lastKnownFileType = sourcecode.c.h; name = AJNSignalHandler.h; path = ../../../AllJoynFramework/AllJoynFramework/AJNSignalHandler.h; sourceTree = "<group>"; };
		AC3E27B115597C66002449CF /* AJNSignalHandlerImpl.h */ = {isa = PBXFileReference; fileEncoding = 4; lastKnownFileType = sourcecode.c.h; name = AJNSignalHandlerImpl.h; path = ../../../AllJoynFramework/AllJoynFramework/AJNSignalHandlerImpl.h; sourceTree = "<group>"; };
		AC3E27B215597C66002449CF /* AJNSignalHandlerImpl.mm */ = {isa = PBXFileReference; fileEncoding = 4; lastKnownFileType = sourcecode.cpp.objcpp; name = AJNSignalHandlerImpl.mm; path = ../../../AllJoynFramework/AllJoynFramework/AJNSignalHandlerImpl.mm; sourceTree = "<group>"; };
		AC3E27B315597C66002449CF /* AJNStatus.h */ = {isa = PBXFileReference; fileEncoding = 4; lastKnownFileType = sourcecode.c.h; name = AJNStatus.h; path = ../../../AllJoynFramework/AllJoynFramework/AJNStatus.h; sourceTree = "<group>"; };
		AC3E27B415597C66002449CF /* AJNStatus.m */ = {isa = PBXFileReference; fileEncoding = 4; lastKnownFileType = sourcecode.c.objc; name = AJNStatus.m; path = ../../../AllJoynFramework/AllJoynFramework/AJNStatus.m; sourceTree = "<group>"; };
		AC3E27B515597C66002449CF /* AJNTransportMask.h */ = {isa = PBXFileReference; fileEncoding = 4; lastKnownFileType = sourcecode.c.h; name = AJNTransportMask.h; path = ../../../AllJoynFramework/AllJoynFramework/AJNTransportMask.h; sourceTree = "<group>"; };
		AC3E27B615597C66002449CF /* AJNTransportMask.m */ = {isa = PBXFileReference; fileEncoding = 4; lastKnownFileType = sourcecode.c.objc; name = AJNTransportMask.m; path = ../../../AllJoynFramework/AllJoynFramework/AJNTransportMask.m; sourceTree = "<group>"; };
		AC3E27B715597C66002449CF /* AJNType.h */ = {isa = PBXFileReference; fileEncoding = 4; lastKnownFileType = sourcecode.c.h; name = AJNType.h; path = ../../../AllJoynFramework/AllJoynFramework/AJNType.h; sourceTree = "<group>"; };
		AC3E27B815597C66002449CF /* AJNVersion.h */ = {isa = PBXFileReference; fileEncoding = 4; lastKnownFileType = sourcecode.c.h; name = AJNVersion.h; path = ../../../AllJoynFramework/AllJoynFramework/AJNVersion.h; sourceTree = "<group>"; };
		AC3E27B915597C66002449CF /* AJNVersion.mm */ = {isa = PBXFileReference; fileEncoding = 4; lastKnownFileType = sourcecode.cpp.objcpp; name = AJNVersion.mm; path = ../../../AllJoynFramework/AllJoynFramework/AJNVersion.mm; sourceTree = "<group>"; };
		AC3E27D315598A73002449CF /* JJManager.h */ = {isa = PBXFileReference; fileEncoding = 4; lastKnownFileType = sourcecode.c.h; path = JJManager.h; sourceTree = "<group>"; };
		AC3E27D415598A73002449CF /* JJManager.mm */ = {isa = PBXFileReference; fileEncoding = 4; lastKnownFileType = sourcecode.cpp.objcpp; path = JJManager.mm; sourceTree = "<group>"; };
		AC3E27D61559926D002449CF /* JJConstants.h */ = {isa = PBXFileReference; fileEncoding = 4; lastKnownFileType = sourcecode.c.h; path = JJConstants.h; sourceTree = "<group>"; };
		AC3E27D71559926D002449CF /* JJConstants.m */ = {isa = PBXFileReference; fileEncoding = 4; lastKnownFileType = sourcecode.c.objc; path = JJConstants.m; sourceTree = "<group>"; };
		AC3E27D91559A098002449CF /* JJRoomTableViewControllerViewController.h */ = {isa = PBXFileReference; fileEncoding = 4; lastKnownFileType = sourcecode.c.h; path = JJRoomTableViewControllerViewController.h; sourceTree = "<group>"; };
		AC3E27DA1559A098002449CF /* JJRoomTableViewControllerViewController.m */ = {isa = PBXFileReference; fileEncoding = 4; lastKnownFileType = sourcecode.c.objc; path = JJRoomTableViewControllerViewController.m; sourceTree = "<group>"; };
		AC3E28571559D32C002449CF /* JJService.h */ = {isa = PBXFileReference; fileEncoding = 4; lastKnownFileType = sourcecode.c.h; path = JJService.h; sourceTree = "<group>"; };
		AC3E28581559D32C002449CF /* JJService.mm */ = {isa = PBXFileReference; fileEncoding = 4; lastKnownFileType = sourcecode.cpp.objcpp; path = JJService.mm; sourceTree = "<group>"; };
		AC4546E71594E20800F81B44 /* icon-48x48.png */ = {isa = PBXFileReference; lastKnownFileType = image.png; path = "icon-48x48.png"; sourceTree = "<group>"; };
		AC4546EA1594E27F00F81B44 /* icon.png */ = {isa = PBXFileReference; lastKnownFileType = image.png; path = icon.png; sourceTree = "<group>"; };
		AC4546F21594E72600F81B44 /* Default-Landscape~ipad.png */ = {isa = PBXFileReference; lastKnownFileType = image.png; path = "Default-Landscape~ipad.png"; sourceTree = "<group>"; };
		AC4546F41594E73100F81B44 /* Default-Portrait~ipad.png */ = {isa = PBXFileReference; lastKnownFileType = image.png; path = "Default-Portrait~ipad.png"; sourceTree = "<group>"; };
		AC4546F61594E7AC00F81B44 /* Default.png */ = {isa = PBXFileReference; lastKnownFileType = image.png; path = Default.png; sourceTree = "<group>"; };
		AC4546F71594E7AD00F81B44 /* Default-Landscape.png */ = {isa = PBXFileReference; lastKnownFileType = image.png; path = "Default-Landscape.png"; sourceTree = "<group>"; };
		AC4546FA1594E7D800F81B44 /* Default@2x.png */ = {isa = PBXFileReference; lastKnownFileType = image.png; path = "Default@2x.png"; sourceTree = "<group>"; };
		AC4546FC159506BD00F81B44 /* AudioToolbox.framework */ = {isa = PBXFileReference; lastKnownFileType = wrapper.framework; name = AudioToolbox.framework; path = System/Library/Frameworks/AudioToolbox.framework; sourceTree = SDKROOT; };
		AC4546FE159507F700F81B44 /* MediaPlayer.framework */ = {isa = PBXFileReference; lastKnownFileType = wrapper.framework; name = MediaPlayer.framework; path = System/Library/Frameworks/MediaPlayer.framework; sourceTree = SDKROOT; };
		AC45470015950F7D00F81B44 /* play.png */ = {isa = PBXFileReference; lastKnownFileType = image.png; path = play.png; sourceTree = "<group>"; };
		AC4547021598C41400F81B44 /* pause.png */ = {isa = PBXFileReference; lastKnownFileType = image.png; path = pause.png; sourceTree = "<group>"; };
		AC4547041598C41F00F81B44 /* stop.png */ = {isa = PBXFileReference; lastKnownFileType = image.png; path = stop.png; sourceTree = "<group>"; };
		AC45470615992F4300F81B44 /* Alljoyn-Icon.png */ = {isa = PBXFileReference; lastKnownFileType = image.png; path = "Alljoyn-Icon.png"; sourceTree = "<group>"; };
		AC9ADC08155C148A007B46FA /* JJPlaylistViewController.h */ = {isa = PBXFileReference; fileEncoding = 4; lastKnownFileType = sourcecode.c.h; path = JJPlaylistViewController.h; sourceTree = "<group>"; };
		AC9ADC09155C148A007B46FA /* JJPlaylistViewController.mm */ = {isa = PBXFileReference; fileEncoding = 4; lastKnownFileType = sourcecode.cpp.objcpp; path = JJPlaylistViewController.mm; sourceTree = "<group>"; };
		AC9ADC0C155C149F007B46FA /* JJSongViewController.h */ = {isa = PBXFileReference; fileEncoding = 4; lastKnownFileType = sourcecode.c.h; path = JJSongViewController.h; sourceTree = "<group>"; };
		AC9ADC0D155C149F007B46FA /* JJSongViewController.mm */ = {isa = PBXFileReference; fileEncoding = 4; lastKnownFileType = sourcecode.cpp.objcpp; path = JJSongViewController.mm; sourceTree = "<group>"; };
		ACA3BBCE1586B46D0010F1C5 /* JJMediaSourceModel.xml */ = {isa = PBXFileReference; fileEncoding = 4; lastKnownFileType = text.xml; path = JJMediaSourceModel.xml; sourceTree = "<group>"; };
		ACA3BBD41586BA7D0010F1C5 /* JJMediaStreamModel.xml */ = {isa = PBXFileReference; fileEncoding = 4; lastKnownFileType = text.xml; path = JJMediaStreamModel.xml; sourceTree = "<group>"; };
		ACA3BD4C158908310010F1C5 /* AVFoundation.framework */ = {isa = PBXFileReference; lastKnownFileType = wrapper.framework; name = AVFoundation.framework; path = System/Library/Frameworks/AVFoundation.framework; sourceTree = SDKROOT; };
		ACA776F21586714C00DF22E1 /* AJNAuthenticationListener.h */ = {isa = PBXFileReference; fileEncoding = 4; lastKnownFileType = sourcecode.c.h; name = AJNAuthenticationListener.h; path = ../../../AllJoynFramework/AllJoynFramework/AJNAuthenticationListener.h; sourceTree = "<group>"; };
		ACA776F31586714C00DF22E1 /* AJNAuthenticationListenerImpl.h */ = {isa = PBXFileReference; fileEncoding = 4; lastKnownFileType = sourcecode.c.h; name = AJNAuthenticationListenerImpl.h; path = ../../../AllJoynFramework/AllJoynFramework/AJNAuthenticationListenerImpl.h; sourceTree = "<group>"; };
		ACA776F41586714C00DF22E1 /* AJNAuthenticationListenerImpl.mm */ = {isa = PBXFileReference; fileEncoding = 4; lastKnownFileType = sourcecode.cpp.objcpp; name = AJNAuthenticationListenerImpl.mm; path = ../../../AllJoynFramework/AllJoynFramework/AJNAuthenticationListenerImpl.mm; sourceTree = "<group>"; };
		ACA776F51586714C00DF22E1 /* AJNKeyStoreListener.h */ = {isa = PBXFileReference; fileEncoding = 4; lastKnownFileType = sourcecode.c.h; name = AJNKeyStoreListener.h; path = ../../../AllJoynFramework/AllJoynFramework/AJNKeyStoreListener.h; sourceTree = "<group>"; };
		ACA776F61586714C00DF22E1 /* AJNKeyStoreListenerImpl.h */ = {isa = PBXFileReference; fileEncoding = 4; lastKnownFileType = sourcecode.c.h; name = AJNKeyStoreListenerImpl.h; path = ../../../AllJoynFramework/AllJoynFramework/AJNKeyStoreListenerImpl.h; sourceTree = "<group>"; };
		ACA776F71586714C00DF22E1 /* AJNKeyStoreListenerImpl.mm */ = {isa = PBXFileReference; fileEncoding = 4; lastKnownFileType = sourcecode.cpp.objcpp; name = AJNKeyStoreListenerImpl.mm; path = ../../../AllJoynFramework/AllJoynFramework/AJNKeyStoreListenerImpl.mm; sourceTree = "<group>"; };
		ACA776F81586714C00DF22E1 /* AJNSecurityCredentials.h */ = {isa = PBXFileReference; fileEncoding = 4; lastKnownFileType = sourcecode.c.h; name = AJNSecurityCredentials.h; path = ../../../AllJoynFramework/AllJoynFramework/AJNSecurityCredentials.h; sourceTree = "<group>"; };
		ACA776F91586714C00DF22E1 /* AJNSecurityCredentials.mm */ = {isa = PBXFileReference; fileEncoding = 4; lastKnownFileType = sourcecode.cpp.objcpp; name = AJNSecurityCredentials.mm; path = ../../../AllJoynFramework/AllJoynFramework/AJNSecurityCredentials.mm; sourceTree = "<group>"; };
		ACEE2F1C15894BEB003511B1 /* BundledDaemon.o */ = {isa = PBXFileReference; lastKnownFileType = "compiled.mach-o.objfile"; name = BundledDaemon.o; path = ../../../alljoyn_streaming/build/darwin/arm/debug/dist/lib/BundledDaemon.o; sourceTree = "<group>"; };
		ACEE2F1D15894BEB003511B1 /* libajdaemon.a */ = {isa = PBXFileReference; lastKnownFileType = archive.ar; name = libajdaemon.a; path = ../../../alljoyn_streaming/build/darwin/arm/debug/dist/lib/libajdaemon.a; sourceTree = "<group>"; };
		ACEE2F1E15894BEB003511B1 /* libajstream.a */ = {isa = PBXFileReference; lastKnownFileType = archive.ar; name = libajstream.a; path = ../../../alljoyn_streaming/build/darwin/arm/debug/dist/lib/libajstream.a; sourceTree = "<group>"; };
		ACEE2F1F15894BEB003511B1 /* liballjoyn.a */ = {isa = PBXFileReference; lastKnownFileType = archive.ar; name = liballjoyn.a; path = ../../../alljoyn_streaming/build/darwin/arm/debug/dist/lib/liballjoyn.a; sourceTree = "<group>"; };
		ACEE2F2415894C1D003511B1 /* libcrypto.a */ = {isa = PBXFileReference; lastKnownFileType = archive.ar; name = libcrypto.a; path = "../../../common/crypto/openssl/openssl-1.01/build/Debug-iphoneos/libcrypto.a"; sourceTree = "<group>"; };
		ACEE2F2515894C1D003511B1 /* libssl.a */ = {isa = PBXFileReference; lastKnownFileType = archive.ar; name = libssl.a; path = "../../../common/crypto/openssl/openssl-1.01/build/Debug-iphoneos/libssl.a"; sourceTree = "<group>"; };
		ACF4F7971591391000B02724 /* Classical Selection I.jpg */ = {isa = PBXFileReference; lastKnownFileType = image.jpeg; path = "Classical Selection I.jpg"; sourceTree = "<group>"; };
		ACF4F7981591391000B02724 /* Classical Selection I\Toccata_And_Fugue_In_D_Minor_CLAS_0001_02101.mp3 */ = {isa = PBXFileReference; lastKnownFileType = audio.mp3; path = "Classical Selection I\\Toccata_And_Fugue_In_D_Minor_CLAS_0001_02101.mp3"; sourceTree = "<group>"; };
		ACF4F79A1591391000B02724 /* Epic Classical.jpg */ = {isa = PBXFileReference; lastKnownFileType = image.jpeg; path = "Epic Classical.jpg"; sourceTree = "<group>"; };
		ACF4F79B1591391000B02724 /* Epic Classical\Swan_Lake__Scene_Finale_WOM_0108_00401.mp3 */ = {isa = PBXFileReference; lastKnownFileType = audio.mp3; path = "Epic Classical\\Swan_Lake__Scene_Finale_WOM_0108_00401.mp3"; sourceTree = "<group>"; };
		ACF4F79D1591391000B02724 /* Popular Classics.jpg */ = {isa = PBXFileReference; lastKnownFileType = image.jpeg; path = "Popular Classics.jpg"; sourceTree = "<group>"; };
		ACF4F79E1591391000B02724 /* Popular Classics\Ride_of_the_Valkyries_JM_0044_01901.mp3 */ = {isa = PBXFileReference; lastKnownFileType = audio.mp3; path = "Popular Classics\\Ride_of_the_Valkyries_JM_0044_01901.mp3"; sourceTree = "<group>"; };
		ACF4F7A01591391000B02724 /* RAF Brass and Wind Bands 3.jpg */ = {isa = PBXFileReference; lastKnownFileType = image.jpeg; path = "RAF Brass and Wind Bands 3.jpg"; sourceTree = "<group>"; };
		ACF4F7A11591391000B02724 /* RAF Brass and Wind Bands 3\Battle_Hymn_of_the_Republic_KPM_0651_01901.mp3 */ = {isa = PBXFileReference; lastKnownFileType = audio.mp3; path = "RAF Brass and Wind Bands 3\\Battle_Hymn_of_the_Republic_KPM_0651_01901.mp3"; sourceTree = "<group>"; };
		ACF4F7A31591391000B02724 /* RNM 19.jpg */ = {isa = PBXFileReference; lastKnownFileType = image.jpeg; path = "RNM 19.jpg"; sourceTree = "<group>"; };
		ACF4F7A41591391000B02724 /* RNM 19\1000_RNM_0019_00101.mp3 */ = {isa = PBXFileReference; lastKnownFileType = audio.mp3; path = "RNM 19\\1000_RNM_0019_00101.mp3"; sourceTree = "<group>"; };
		ACF4F7A51591391000B02724 /* RNM 19\Burning_for_Love_RNM_0019_01901.mp3 */ = {isa = PBXFileReference; lastKnownFileType = audio.mp3; path = "RNM 19\\Burning_for_Love_RNM_0019_01901.mp3"; sourceTree = "<group>"; };
		ACF4F7A61591391000B02724 /* RNM 19\I_m_on_Fire_RNM_0019_00301.mp3 */ = {isa = PBXFileReference; lastKnownFileType = audio.mp3; path = "RNM 19\\I_m_on_Fire_RNM_0019_00301.mp3"; sourceTree = "<group>"; };
		ACF4F7A71591391000B02724 /* RNM 19\Wildcat_RNM_0019_01501.mp3 */ = {isa = PBXFileReference; lastKnownFileType = audio.mp3; path = "RNM 19\\Wildcat_RNM_0019_01501.mp3"; sourceTree = "<group>"; };
		ACF4F7A91591391000B02724 /* RNM 34.jpg */ = {isa = PBXFileReference; lastKnownFileType = image.jpeg; path = "RNM 34.jpg"; sourceTree = "<group>"; };
		ACF4F7AA1591391000B02724 /* RNM 34.png */ = {isa = PBXFileReference; lastKnownFileType = image.png; path = "RNM 34.png"; sourceTree = "<group>"; };
		ACF4F7AB1591391000B02724 /* RNM 34\Hopeless_Disposition_RNM_0034_00301.mp3 */ = {isa = PBXFileReference; lastKnownFileType = audio.mp3; path = "RNM 34\\Hopeless_Disposition_RNM_0034_00301.mp3"; sourceTree = "<group>"; };
		ACF4F7AC1591391000B02724 /* RNM 34\Love_Is_a_Tricky_Thing_RNM_0034_01601.mp3 */ = {isa = PBXFileReference; lastKnownFileType = audio.mp3; path = "RNM 34\\Love_Is_a_Tricky_Thing_RNM_0034_01601.mp3"; sourceTree = "<group>"; };
		ACF4F7AD1591391000B02724 /* RNM 34\Rest_of_My_Life_RNM_0034_00101.mp3 */ = {isa = PBXFileReference; lastKnownFileType = audio.mp3; path = "RNM 34\\Rest_of_My_Life_RNM_0034_00101.mp3"; sourceTree = "<group>"; };
		ACF4F7AE1591391000B02724 /* RNM 34\Sad_Love_Song_RNM_0034_01401.mp3 */ = {isa = PBXFileReference; lastKnownFileType = audio.mp3; path = "RNM 34\\Sad_Love_Song_RNM_0034_01401.mp3"; sourceTree = "<group>"; };
		ACF4F7B01591391000B02724 /* RNM 50.jpg */ = {isa = PBXFileReference; lastKnownFileType = image.jpeg; path = "RNM 50.jpg"; sourceTree = "<group>"; };
		ACF4F7B11591391000B02724 /* RNM 50\California_RNM_0050_00101.mp3 */ = {isa = PBXFileReference; lastKnownFileType = audio.mp3; path = "RNM 50\\California_RNM_0050_00101.mp3"; sourceTree = "<group>"; };
		ACF4F7B21591391000B02724 /* RNM 50\Reasons_RNM_0050_01201.mp3 */ = {isa = PBXFileReference; lastKnownFileType = audio.mp3; path = "RNM 50\\Reasons_RNM_0050_01201.mp3"; sourceTree = "<group>"; };
		ACF4F7B31591391000B02724 /* RNM 50\Red_Scare_RNM_0050_01601.mp3 */ = {isa = PBXFileReference; lastKnownFileType = audio.mp3; path = "RNM 50\\Red_Scare_RNM_0050_01601.mp3"; sourceTree = "<group>"; };
		ACF4F7B41591391000B02724 /* RNM 50\Showtime_RNM_0050_00601.mp3 */ = {isa = PBXFileReference; lastKnownFileType = audio.mp3; path = "RNM 50\\Showtime_RNM_0050_00601.mp3"; sourceTree = "<group>"; };
		ACFB22431590FB1600E80DC9 /* JJAddSongViewController.h */ = {isa = PBXFileReference; fileEncoding = 4; lastKnownFileType = sourcecode.c.h; path = JJAddSongViewController.h; sourceTree = "<group>"; };
		ACFB22441590FB1600E80DC9 /* JJAddSongViewController.m */ = {isa = PBXFileReference; fileEncoding = 4; lastKnownFileType = sourcecode.c.objc; path = JJAddSongViewController.m; sourceTree = "<group>"; };
		ACFCF7851566A52100BC922D /* SConscript */ = {isa = PBXFileReference; fileEncoding = 4; lastKnownFileType = text; path = SConscript; sourceTree = "<group>"; };
/* End PBXFileReference section */

/* Begin PBXFrameworksBuildPhase section */
		AC3E26F715597AD2002449CF /* Frameworks */ = {
			isa = PBXFrameworksBuildPhase;
			buildActionMask = 2147483647;
			files = (
				AC4546FF159507F700F81B44 /* MediaPlayer.framework in Frameworks */,
				ACEE2F2615894C1D003511B1 /* libcrypto.a in Frameworks */,
				ACEE2F2715894C1D003511B1 /* libssl.a in Frameworks */,
				ACA3BD4D158908310010F1C5 /* AVFoundation.framework in Frameworks */,
				AC4546FD159506BD00F81B44 /* AudioToolbox.framework in Frameworks */,
				AC3E26FF15597AD2002449CF /* UIKit.framework in Frameworks */,
				AC3E270115597AD2002449CF /* Foundation.framework in Frameworks */,
				AC3E270315597AD2002449CF /* CoreGraphics.framework in Frameworks */,
				ACEE2F2015894BEB003511B1 /* BundledDaemon.o in Frameworks */,
				ACEE2F2115894BEB003511B1 /* libajdaemon.a in Frameworks */,
				ACEE2F2215894BEB003511B1 /* libajstream.a in Frameworks */,
				ACEE2F2315894BEB003511B1 /* liballjoyn.a in Frameworks */,
			);
			runOnlyForDeploymentPostprocessing = 0;
		};
		AC3E271A15597AD2002449CF /* Frameworks */ = {
			isa = PBXFrameworksBuildPhase;
			buildActionMask = 2147483647;
			files = (
				AC3E272015597AD2002449CF /* SenTestingKit.framework in Frameworks */,
				AC3E272115597AD2002449CF /* UIKit.framework in Frameworks */,
				AC3E272215597AD2002449CF /* Foundation.framework in Frameworks */,
			);
			runOnlyForDeploymentPostprocessing = 0;
		};
/* End PBXFrameworksBuildPhase section */

/* Begin PBXGroup section */
		AC3E26EF15597AD1002449CF = {
			isa = PBXGroup;
			children = (
				AC4546FA1594E7D800F81B44 /* Default@2x.png */,
				AC4546F41594E73100F81B44 /* Default-Portrait~ipad.png */,
				AC4546F21594E72600F81B44 /* Default-Landscape~ipad.png */,
				AC3E270415597AD2002449CF /* JamJoyn */,
				AC3E272515597AD2002449CF /* JamJoynTests */,
				AC3E26FD15597AD2002449CF /* Frameworks */,
				AC3E26FB15597AD2002449CF /* Products */,
			);
			sourceTree = "<group>";
		};
		AC3E26FB15597AD2002449CF /* Products */ = {
			isa = PBXGroup;
			children = (
				AC3E26FA15597AD2002449CF /* JamJoyn.app */,
				AC3E271E15597AD2002449CF /* JamJoynTests.octest */,
			);
			name = Products;
			sourceTree = "<group>";
		};
		AC3E26FD15597AD2002449CF /* Frameworks */ = {
			isa = PBXGroup;
			children = (
				ACEE2F2415894C1D003511B1 /* libcrypto.a */,
				ACEE2F2515894C1D003511B1 /* libssl.a */,
				ACEE2F1C15894BEB003511B1 /* BundledDaemon.o */,
				ACEE2F1D15894BEB003511B1 /* libajdaemon.a */,
				ACEE2F1E15894BEB003511B1 /* libajstream.a */,
				ACEE2F1F15894BEB003511B1 /* liballjoyn.a */,
				AC4546FE159507F700F81B44 /* MediaPlayer.framework */,
				AC4546FC159506BD00F81B44 /* AudioToolbox.framework */,
				ACA3BD4C158908310010F1C5 /* AVFoundation.framework */,
				AC3E26FE15597AD2002449CF /* UIKit.framework */,
				AC3E270015597AD2002449CF /* Foundation.framework */,
				AC3E270215597AD2002449CF /* CoreGraphics.framework */,
				AC3E271F15597AD2002449CF /* SenTestingKit.framework */,
			);
			name = Frameworks;
			sourceTree = "<group>";
		};
		AC3E270415597AD2002449CF /* JamJoyn */ = {
			isa = PBXGroup;
			children = (
				ACF4F7951591391000B02724 /* Sample Music */,
				AC3E278C15597C50002449CF /* AllJoyn */,
				ACFCF7851566A52100BC922D /* SConscript */,
				AC4546F61594E7AC00F81B44 /* Default.png */,
				AC4546F71594E7AD00F81B44 /* Default-Landscape.png */,
				AC4546E71594E20800F81B44 /* icon-48x48.png */,
				AC45470615992F4300F81B44 /* Alljoyn-Icon.png */,
				AC4546EA1594E27F00F81B44 /* icon.png */,
				AC4547041598C41F00F81B44 /* stop.png */,
				AC4547021598C41400F81B44 /* pause.png */,
				AC45470015950F7D00F81B44 /* play.png */,
				AC3E270D15597AD2002449CF /* JJAppDelegate.h */,
				AC3E270E15597AD2002449CF /* JJAppDelegate.m */,
				AC3E271015597AD2002449CF /* MainStoryboard_iPhone.storyboard */,
				AC3E271315597AD2002449CF /* MainStoryboard_iPad.storyboard */,
				AC3E27D61559926D002449CF /* JJConstants.h */,
				AC3E27D71559926D002449CF /* JJConstants.m */,
				AC3E27D315598A73002449CF /* JJManager.h */,
				AC3E27D415598A73002449CF /* JJManager.mm */,
				ACFB22431590FB1600E80DC9 /* JJAddSongViewController.h */,
				ACFB22441590FB1600E80DC9 /* JJAddSongViewController.m */,
				AC9ADC08155C148A007B46FA /* JJPlaylistViewController.h */,
				AC9ADC09155C148A007B46FA /* JJPlaylistViewController.mm */,
				AC3E27D91559A098002449CF /* JJRoomTableViewControllerViewController.h */,
				AC3E27DA1559A098002449CF /* JJRoomTableViewControllerViewController.m */,
				AC9ADC0C155C149F007B46FA /* JJSongViewController.h */,
				AC9ADC0D155C149F007B46FA /* JJSongViewController.mm */,
				AC3E28571559D32C002449CF /* JJService.h */,
				AC3E28581559D32C002449CF /* JJService.mm */,
				ACA3BBCE1586B46D0010F1C5 /* JJMediaSourceModel.xml */,
				ACA3BBD41586BA7D0010F1C5 /* JJMediaStreamModel.xml */,
				AC3E270515597AD2002449CF /* Supporting Files */,
			);
			path = JamJoyn;
			sourceTree = "<group>";
		};
		AC3E270515597AD2002449CF /* Supporting Files */ = {
			isa = PBXGroup;
			children = (
				AC3E270615597AD2002449CF /* JamJoyn-Info.plist */,
				AC3E270715597AD2002449CF /* InfoPlist.strings */,
				AC3E270A15597AD2002449CF /* main.m */,
				AC3E270C15597AD2002449CF /* JamJoyn-Prefix.pch */,
			);
			name = "Supporting Files";
			sourceTree = "<group>";
		};
		AC3E272515597AD2002449CF /* JamJoynTests */ = {
			isa = PBXGroup;
			children = (
				AC3E272B15597AD2002449CF /* JamJoynTests.h */,
				AC3E272C15597AD2002449CF /* JamJoynTests.m */,
				AC3E272615597AD2002449CF /* Supporting Files */,
			);
			path = JamJoynTests;
			sourceTree = "<group>";
		};
		AC3E272615597AD2002449CF /* Supporting Files */ = {
			isa = PBXGroup;
			children = (
				AC3E272715597AD2002449CF /* JamJoynTests-Info.plist */,
				AC3E272815597AD2002449CF /* InfoPlist.strings */,
			);
			name = "Supporting Files";
			sourceTree = "<group>";
		};
		AC3E278C15597C50002449CF /* AllJoyn */ = {
			isa = PBXGroup;
			children = (
				ACA776F21586714C00DF22E1 /* AJNAuthenticationListener.h */,
				ACA776F31586714C00DF22E1 /* AJNAuthenticationListenerImpl.h */,
				ACA776F41586714C00DF22E1 /* AJNAuthenticationListenerImpl.mm */,
				ACA776F51586714C00DF22E1 /* AJNKeyStoreListener.h */,
				ACA776F61586714C00DF22E1 /* AJNKeyStoreListenerImpl.h */,
				ACA776F71586714C00DF22E1 /* AJNKeyStoreListenerImpl.mm */,
				ACA776F81586714C00DF22E1 /* AJNSecurityCredentials.h */,
				ACA776F91586714C00DF22E1 /* AJNSecurityCredentials.mm */,
				AC3E278D15597C66002449CF /* AJNBus.h */,
				AC3E278E15597C66002449CF /* AJNBus.m */,
				AC3E278F15597C66002449CF /* AJNBusAttachment.h */,
				AC3E279015597C66002449CF /* AJNBusAttachment.mm */,
				AC3E279115597C66002449CF /* AJNBusInterface.h */,
				AC3E279215597C66002449CF /* AJNBusListener.h */,
				AC3E279315597C66002449CF /* AJNBusListenerImpl.h */,
				AC3E279415597C66002449CF /* AJNBusListenerImpl.mm */,
				AC3E279515597C66002449CF /* AJNBusObject.h */,
				AC3E279615597C66002449CF /* AJNBusObject.mm */,
				AC3E279715597C66002449CF /* AJNBusObjectImpl.h */,
				AC3E279815597C66002449CF /* AJNBusObjectImpl.mm */,
				AC3E279915597C66002449CF /* AJNHandle.h */,
				AC3E279A15597C66002449CF /* AJNInterfaceDescription.h */,
				AC3E279B15597C66002449CF /* AJNInterfaceDescription.mm */,
				AC3E279C15597C66002449CF /* AJNInterfaceMember.h */,
				AC3E279D15597C66002449CF /* AJNInterfaceMember.mm */,
				AC3E279E15597C66002449CF /* AJNInterfaceProperty.h */,
				AC3E279F15597C66002449CF /* AJNInterfaceProperty.mm */,
				AC3E27A015597C66002449CF /* AJNMessage.h */,
				AC3E27A115597C66002449CF /* AJNMessage.mm */,
				AC3E27A215597C66002449CF /* AJNMessageArgument.h */,
				AC3E27A315597C66002449CF /* AJNMessageArgument.mm */,
				AC3E27A415597C66002449CF /* AJNObject.h */,
				AC3E27A515597C66002449CF /* AJNObject.m */,
				AC3E27A615597C66002449CF /* AJNProxyBusObject.h */,
				AC3E27A715597C66002449CF /* AJNProxyBusObject.mm */,
				AC3E27A815597C66002449CF /* AJNSessionListener.h */,
				AC3E27A915597C66002449CF /* AJNSessionListenerImpl.h */,
				AC3E27AA15597C66002449CF /* AJNSessionListenerImpl.mm */,
				AC3E27AB15597C66002449CF /* AJNSessionOptions.h */,
				AC3E27AC15597C66002449CF /* AJNSessionOptions.mm */,
				AC3E27AD15597C66002449CF /* AJNSessionPortListener.h */,
				AC3E27AE15597C66002449CF /* AJNSessionPortListenerImpl.h */,
				AC3E27AF15597C66002449CF /* AJNSessionPortListenerImpl.mm */,
				AC3E27B015597C66002449CF /* AJNSignalHandler.h */,
				AC3E27B215597C66002449CF /* AJNSignalHandlerImpl.mm */,
				AC3E27B315597C66002449CF /* AJNStatus.h */,
				AC3E27B415597C66002449CF /* AJNStatus.m */,
				AC3E27B115597C66002449CF /* AJNSignalHandlerImpl.h */,
				AC3E27B515597C66002449CF /* AJNTransportMask.h */,
				AC3E27B615597C66002449CF /* AJNTransportMask.m */,
				AC3E27B715597C66002449CF /* AJNType.h */,
				AC3E27B815597C66002449CF /* AJNVersion.h */,
				AC3E27B915597C66002449CF /* AJNVersion.mm */,
			);
			name = AllJoyn;
			sourceTree = "<group>";
		};
		ACF4F7951591391000B02724 /* Sample Music */ = {
			isa = PBXGroup;
			children = (
				ACF4F7961591391000B02724 /* Classical Selection I */,
				ACF4F7991591391000B02724 /* Epic Classical */,
				ACF4F79C1591391000B02724 /* Popular Classics 1 */,
				ACF4F79F1591391000B02724 /* RAF Brass and Wind Bands 3 */,
				ACF4F7A21591391000B02724 /* RNM 19 */,
				ACF4F7A81591391000B02724 /* RNM 34 */,
				ACF4F7AF1591391000B02724 /* RNM 50 */,
			);
			path = "Sample Music";
			sourceTree = "<group>";
		};
		ACF4F7961591391000B02724 /* Classical Selection I */ = {
			isa = PBXGroup;
			children = (
				ACF4F7971591391000B02724 /* Classical Selection I.jpg */,
				ACF4F7981591391000B02724 /* Classical Selection I\Toccata_And_Fugue_In_D_Minor_CLAS_0001_02101.mp3 */,
			);
			path = "Classical Selection I";
			sourceTree = "<group>";
		};
		ACF4F7991591391000B02724 /* Epic Classical */ = {
			isa = PBXGroup;
			children = (
				ACF4F79A1591391000B02724 /* Epic Classical.jpg */,
				ACF4F79B1591391000B02724 /* Epic Classical\Swan_Lake__Scene_Finale_WOM_0108_00401.mp3 */,
			);
			path = "Epic Classical";
			sourceTree = "<group>";
		};
		ACF4F79C1591391000B02724 /* Popular Classics 1 */ = {
			isa = PBXGroup;
			children = (
				ACF4F79D1591391000B02724 /* Popular Classics.jpg */,
				ACF4F79E1591391000B02724 /* Popular Classics\Ride_of_the_Valkyries_JM_0044_01901.mp3 */,
			);
			path = "Popular Classics 1";
			sourceTree = "<group>";
		};
		ACF4F79F1591391000B02724 /* RAF Brass and Wind Bands 3 */ = {
			isa = PBXGroup;
			children = (
				ACF4F7A01591391000B02724 /* RAF Brass and Wind Bands 3.jpg */,
				ACF4F7A11591391000B02724 /* RAF Brass and Wind Bands 3\Battle_Hymn_of_the_Republic_KPM_0651_01901.mp3 */,
			);
			path = "RAF Brass and Wind Bands 3";
			sourceTree = "<group>";
		};
		ACF4F7A21591391000B02724 /* RNM 19 */ = {
			isa = PBXGroup;
			children = (
				ACF4F7A31591391000B02724 /* RNM 19.jpg */,
				ACF4F7A41591391000B02724 /* RNM 19\1000_RNM_0019_00101.mp3 */,
				ACF4F7A51591391000B02724 /* RNM 19\Burning_for_Love_RNM_0019_01901.mp3 */,
				ACF4F7A61591391000B02724 /* RNM 19\I_m_on_Fire_RNM_0019_00301.mp3 */,
				ACF4F7A71591391000B02724 /* RNM 19\Wildcat_RNM_0019_01501.mp3 */,
			);
			path = "RNM 19";
			sourceTree = "<group>";
		};
		ACF4F7A81591391000B02724 /* RNM 34 */ = {
			isa = PBXGroup;
			children = (
				ACF4F7A91591391000B02724 /* RNM 34.jpg */,
				ACF4F7AA1591391000B02724 /* RNM 34.png */,
				ACF4F7AB1591391000B02724 /* RNM 34\Hopeless_Disposition_RNM_0034_00301.mp3 */,
				ACF4F7AC1591391000B02724 /* RNM 34\Love_Is_a_Tricky_Thing_RNM_0034_01601.mp3 */,
				ACF4F7AD1591391000B02724 /* RNM 34\Rest_of_My_Life_RNM_0034_00101.mp3 */,
				ACF4F7AE1591391000B02724 /* RNM 34\Sad_Love_Song_RNM_0034_01401.mp3 */,
			);
			path = "RNM 34";
			sourceTree = "<group>";
		};
		ACF4F7AF1591391000B02724 /* RNM 50 */ = {
			isa = PBXGroup;
			children = (
				ACF4F7B01591391000B02724 /* RNM 50.jpg */,
				ACF4F7B11591391000B02724 /* RNM 50\California_RNM_0050_00101.mp3 */,
				ACF4F7B21591391000B02724 /* RNM 50\Reasons_RNM_0050_01201.mp3 */,
				ACF4F7B31591391000B02724 /* RNM 50\Red_Scare_RNM_0050_01601.mp3 */,
				ACF4F7B41591391000B02724 /* RNM 50\Showtime_RNM_0050_00601.mp3 */,
			);
			path = "RNM 50";
			sourceTree = "<group>";
		};
/* End PBXGroup section */

/* Begin PBXNativeTarget section */
		AC3E26F915597AD2002449CF /* JamJoyn */ = {
			isa = PBXNativeTarget;
			buildConfigurationList = AC3E273015597AD2002449CF /* Build configuration list for PBXNativeTarget "JamJoyn" */;
			buildPhases = (
				ACA3BC101587A7730010F1C5 /* ShellScript */,
				ACA3BC171587A9490010F1C5 /* ShellScript */,
				AC3E26F615597AD2002449CF /* Sources */,
				AC3E26F715597AD2002449CF /* Frameworks */,
				AC3E26F815597AD2002449CF /* Resources */,
			);
			buildRules = (
			);
			dependencies = (
			);
			name = JamJoyn;
			productName = JamJoyn;
			productReference = AC3E26FA15597AD2002449CF /* JamJoyn.app */;
			productType = "com.apple.product-type.application";
		};
		AC3E271D15597AD2002449CF /* JamJoynTests */ = {
			isa = PBXNativeTarget;
			buildConfigurationList = AC3E273315597AD2002449CF /* Build configuration list for PBXNativeTarget "JamJoynTests" */;
			buildPhases = (
				AC3E271915597AD2002449CF /* Sources */,
				AC3E271A15597AD2002449CF /* Frameworks */,
				AC3E271B15597AD2002449CF /* Resources */,
				AC3E271C15597AD2002449CF /* ShellScript */,
			);
			buildRules = (
			);
			dependencies = (
				AC3E272415597AD2002449CF /* PBXTargetDependency */,
			);
			name = JamJoynTests;
			productName = JamJoynTests;
			productReference = AC3E271E15597AD2002449CF /* JamJoynTests.octest */;
			productType = "com.apple.product-type.bundle";
		};
/* End PBXNativeTarget section */

/* Begin PBXProject section */
		AC3E26F115597AD1002449CF /* Project object */ = {
			isa = PBXProject;
			attributes = {
				CLASSPREFIX = JJ;
				LastUpgradeCheck = 0430;
				ORGANIZATIONNAME = "2012 Qualcomm Innovation Center, Inc.";
			};
			buildConfigurationList = AC3E26F415597AD1002449CF /* Build configuration list for PBXProject "JamJoyn" */;
			compatibilityVersion = "Xcode 3.2";
			developmentRegion = English;
			hasScannedForEncodings = 0;
			knownRegions = (
				en,
			);
			mainGroup = AC3E26EF15597AD1002449CF;
			productRefGroup = AC3E26FB15597AD2002449CF /* Products */;
			projectDirPath = "";
			projectRoot = "";
			targets = (
				AC3E26F915597AD2002449CF /* JamJoyn */,
				AC3E271D15597AD2002449CF /* JamJoynTests */,
			);
		};
/* End PBXProject section */

/* Begin PBXResourcesBuildPhase section */
		AC3E26F815597AD2002449CF /* Resources */ = {
			isa = PBXResourcesBuildPhase;
			buildActionMask = 2147483647;
			files = (
				AC3E270915597AD2002449CF /* InfoPlist.strings in Resources */,
				AC3E271215597AD2002449CF /* MainStoryboard_iPhone.storyboard in Resources */,
				AC3E271515597AD2002449CF /* MainStoryboard_iPad.storyboard in Resources */,
				ACFCF7861566A52100BC922D /* SConscript in Resources */,
				ACA3BBCF1586B46D0010F1C5 /* JJMediaSourceModel.xml in Resources */,
				ACA3BBD51586BA7E0010F1C5 /* JJMediaStreamModel.xml in Resources */,
				ACF4F7B51591391000B02724 /* Classical Selection I.jpg in Resources */,
				ACF4F7B61591391000B02724 /* Classical Selection I\Toccata_And_Fugue_In_D_Minor_CLAS_0001_02101.mp3 in Resources */,
				ACF4F7B71591391000B02724 /* Epic Classical.jpg in Resources */,
				ACF4F7B81591391000B02724 /* Epic Classical\Swan_Lake__Scene_Finale_WOM_0108_00401.mp3 in Resources */,
				ACF4F7B91591391000B02724 /* Popular Classics.jpg in Resources */,
				ACF4F7BA1591391000B02724 /* Popular Classics\Ride_of_the_Valkyries_JM_0044_01901.mp3 in Resources */,
				ACF4F7BB1591391000B02724 /* RAF Brass and Wind Bands 3.jpg in Resources */,
				ACF4F7BC1591391000B02724 /* RAF Brass and Wind Bands 3\Battle_Hymn_of_the_Republic_KPM_0651_01901.mp3 in Resources */,
				ACF4F7BD1591391000B02724 /* RNM 19.jpg in Resources */,
				ACF4F7BE1591391000B02724 /* RNM 19\1000_RNM_0019_00101.mp3 in Resources */,
				ACF4F7BF1591391000B02724 /* RNM 19\Burning_for_Love_RNM_0019_01901.mp3 in Resources */,
				ACF4F7C01591391000B02724 /* RNM 19\I_m_on_Fire_RNM_0019_00301.mp3 in Resources */,
				ACF4F7C11591391000B02724 /* RNM 19\Wildcat_RNM_0019_01501.mp3 in Resources */,
				ACF4F7C21591391000B02724 /* RNM 34.jpg in Resources */,
				ACF4F7C31591391000B02724 /* RNM 34.png in Resources */,
				ACF4F7C41591391000B02724 /* RNM 34\Hopeless_Disposition_RNM_0034_00301.mp3 in Resources */,
				ACF4F7C51591391000B02724 /* RNM 34\Love_Is_a_Tricky_Thing_RNM_0034_01601.mp3 in Resources */,
				ACF4F7C61591391000B02724 /* RNM 34\Rest_of_My_Life_RNM_0034_00101.mp3 in Resources */,
				ACF4F7C71591391000B02724 /* RNM 34\Sad_Love_Song_RNM_0034_01401.mp3 in Resources */,
				ACF4F7C81591391000B02724 /* RNM 50.jpg in Resources */,
				ACF4F7C91591391000B02724 /* RNM 50\California_RNM_0050_00101.mp3 in Resources */,
				ACF4F7CA1591391000B02724 /* RNM 50\Reasons_RNM_0050_01201.mp3 in Resources */,
				ACF4F7CB1591391000B02724 /* RNM 50\Red_Scare_RNM_0050_01601.mp3 in Resources */,
				ACF4F7CC1591391000B02724 /* RNM 50\Showtime_RNM_0050_00601.mp3 in Resources */,
				AC4546E81594E20800F81B44 /* icon-48x48.png in Resources */,
				AC4546EB1594E27F00F81B44 /* icon.png in Resources */,
				AC4546F31594E72600F81B44 /* Default-Landscape~ipad.png in Resources */,
				AC4546F51594E73100F81B44 /* Default-Portrait~ipad.png in Resources */,
				AC4546F81594E7AD00F81B44 /* Default.png in Resources */,
				AC4546F91594E7AD00F81B44 /* Default-Landscape.png in Resources */,
				AC4546FB1594E7D800F81B44 /* Default@2x.png in Resources */,
				AC45470115950F7D00F81B44 /* play.png in Resources */,
				AC4547031598C41500F81B44 /* pause.png in Resources */,
				AC4547051598C41F00F81B44 /* stop.png in Resources */,
				AC45470715992F4400F81B44 /* Alljoyn-Icon.png in Resources */,
			);
			runOnlyForDeploymentPostprocessing = 0;
		};
		AC3E271B15597AD2002449CF /* Resources */ = {
			isa = PBXResourcesBuildPhase;
			buildActionMask = 2147483647;
			files = (
				AC3E272A15597AD2002449CF /* InfoPlist.strings in Resources */,
			);
			runOnlyForDeploymentPostprocessing = 0;
		};
/* End PBXResourcesBuildPhase section */

/* Begin PBXShellScriptBuildPhase section */
		AC3E271C15597AD2002449CF /* ShellScript */ = {
			isa = PBXShellScriptBuildPhase;
			buildActionMask = 2147483647;
			files = (
			);
			inputPaths = (
			);
			outputPaths = (
			);
			runOnlyForDeploymentPostprocessing = 0;
			shellPath = /bin/sh;
			shellScript = "# Run the unit tests in this test bundle.\n\"${SYSTEM_DEVELOPER_DIR}/Tools/RunUnitTests\"\n";
		};
		ACA3BC101587A7730010F1C5 /* ShellScript */ = {
			isa = PBXShellScriptBuildPhase;
			buildActionMask = 8;
			files = (
			);
			inputPaths = (
			);
			outputPaths = (
			);
			runOnlyForDeploymentPostprocessing = 1;
			shellPath = /bin/sh;
			shellScript = "\"$SRCROOT/../../bin/AllJoynCodeGenerator\" \"$SRCROOT/$PROJECT_NAME/JJMediaSourceModel.xml\" \"$SRCROOT/../../AllJoynCodeGenerator/AllJoynCodeGenerator/objcHeader.xsl\" \"$SRCROOT/$PROJECT_NAME/AJNJJMediaSource.h\" \"$SRCROOT/../../AllJoynCodeGenerator/AllJoynCodeGenerator/objcSource.xsl\" \"$SRCROOT/$PROJECT_NAME/AJNJJMediaSource.mm\" \"$SRCROOT/../../AllJoynCodeGenerator/AllJoynCodeGenerator/objcExtensionHeader.xsl\" \"$SRCROOT/$PROJECT_NAME/JJMediaSource.h\" \"$SRCROOT/../../AllJoynCodeGenerator/AllJoynCodeGenerator/objcExtensionSource.xsl\" \"$SRCROOT/$PROJECT_NAME/JJMediaSource.m\" JJMediaSource";
		};
		ACA3BC171587A9490010F1C5 /* ShellScript */ = {
			isa = PBXShellScriptBuildPhase;
			buildActionMask = 8;
			files = (
			);
			inputPaths = (
			);
			outputPaths = (
			);
			runOnlyForDeploymentPostprocessing = 1;
			shellPath = /bin/sh;
			shellScript = "\"$SRCROOT/../../bin/AllJoynCodeGenerator\" \"$SRCROOT/$PROJECT_NAME/JJMediaStreamModel.xml\" \"$SRCROOT/../../AllJoynCodeGenerator/AllJoynCodeGenerator/objcHeader.xsl\" \"$SRCROOT/$PROJECT_NAME/AJNJJMp3MediaStream.h\" \"$SRCROOT/../../AllJoynCodeGenerator/AllJoynCodeGenerator/objcSource.xsl\" \"$SRCROOT/$PROJECT_NAME/AJNJJMp3MediaStream.mm\" \"$SRCROOT/../../AllJoynCodeGenerator/AllJoynCodeGenerator/objcExtensionHeader.xsl\" \"$SRCROOT/$PROJECT_NAME/JJMp3MediaStream.h\" \"$SRCROOT/../../AllJoynCodeGenerator/AllJoynCodeGenerator/objcExtensionSource.xsl\" \"$SRCROOT/$PROJECT_NAME/JJMp3MediaStream.m\" JJMp3MediaStream";
		};
/* End PBXShellScriptBuildPhase section */

/* Begin PBXSourcesBuildPhase section */
		AC3E26F615597AD2002449CF /* Sources */ = {
			isa = PBXSourcesBuildPhase;
			buildActionMask = 2147483647;
			files = (
				AC3E270B15597AD2002449CF /* main.m in Sources */,
				AC3E270F15597AD2002449CF /* JJAppDelegate.m in Sources */,
				AC3E27BA15597C66002449CF /* AJNBus.m in Sources */,
				AC3E27BB15597C66002449CF /* AJNBusAttachment.mm in Sources */,
				AC3E27BC15597C66002449CF /* AJNBusListenerImpl.mm in Sources */,
				AC3E27BD15597C66002449CF /* AJNBusObject.mm in Sources */,
				AC3E27BE15597C66002449CF /* AJNBusObjectImpl.mm in Sources */,
				AC3E27BF15597C66002449CF /* AJNInterfaceDescription.mm in Sources */,
				AC3E27C015597C66002449CF /* AJNInterfaceMember.mm in Sources */,
				AC3E27C115597C66002449CF /* AJNInterfaceProperty.mm in Sources */,
				AC3E27C215597C66002449CF /* AJNMessage.mm in Sources */,
				AC3E27C315597C66002449CF /* AJNMessageArgument.mm in Sources */,
				AC3E27C415597C66002449CF /* AJNObject.m in Sources */,
				AC3E27C515597C66002449CF /* AJNProxyBusObject.mm in Sources */,
				AC3E27C615597C66002449CF /* AJNSessionListenerImpl.mm in Sources */,
				AC3E27C715597C66002449CF /* AJNSessionOptions.mm in Sources */,
				AC3E27C815597C66002449CF /* AJNSessionPortListenerImpl.mm in Sources */,
				AC3E27C915597C66002449CF /* AJNSignalHandlerImpl.mm in Sources */,
				AC3E27CA15597C66002449CF /* AJNStatus.m in Sources */,
				AC3E27CB15597C66002449CF /* AJNTransportMask.m in Sources */,
				AC3E27CC15597C66002449CF /* AJNVersion.mm in Sources */,
				AC3E27D515598A73002449CF /* JJManager.mm in Sources */,
				AC3E27D81559926D002449CF /* JJConstants.m in Sources */,
				AC3E27DB1559A099002449CF /* JJRoomTableViewControllerViewController.m in Sources */,
				AC3E28591559D32C002449CF /* JJService.mm in Sources */,
				AC9ADC0A155C148A007B46FA /* JJPlaylistViewController.mm in Sources */,
				AC9ADC0E155C149F007B46FA /* JJSongViewController.mm in Sources */,
				ACA776FA1586714C00DF22E1 /* AJNAuthenticationListenerImpl.mm in Sources */,
				ACA776FB1586714C00DF22E1 /* AJNKeyStoreListenerImpl.mm in Sources */,
				ACA776FC1586714C00DF22E1 /* AJNSecurityCredentials.mm in Sources */,
				ACFB22451590FB1600E80DC9 /* JJAddSongViewController.m in Sources */,
			);
			runOnlyForDeploymentPostprocessing = 0;
		};
		AC3E271915597AD2002449CF /* Sources */ = {
			isa = PBXSourcesBuildPhase;
			buildActionMask = 2147483647;
			files = (
				AC3E272D15597AD2002449CF /* JamJoynTests.m in Sources */,
			);
			runOnlyForDeploymentPostprocessing = 0;
		};
/* End PBXSourcesBuildPhase section */

/* Begin PBXTargetDependency section */
		AC3E272415597AD2002449CF /* PBXTargetDependency */ = {
			isa = PBXTargetDependency;
			target = AC3E26F915597AD2002449CF /* JamJoyn */;
			targetProxy = AC3E272315597AD2002449CF /* PBXContainerItemProxy */;
		};
/* End PBXTargetDependency section */

/* Begin PBXVariantGroup section */
		AC3E270715597AD2002449CF /* InfoPlist.strings */ = {
			isa = PBXVariantGroup;
			children = (
				AC3E270815597AD2002449CF /* en */,
			);
			name = InfoPlist.strings;
			sourceTree = "<group>";
		};
		AC3E271015597AD2002449CF /* MainStoryboard_iPhone.storyboard */ = {
			isa = PBXVariantGroup;
			children = (
				AC3E271115597AD2002449CF /* en */,
			);
			name = MainStoryboard_iPhone.storyboard;
			sourceTree = "<group>";
		};
		AC3E271315597AD2002449CF /* MainStoryboard_iPad.storyboard */ = {
			isa = PBXVariantGroup;
			children = (
				AC3E271415597AD2002449CF /* en */,
			);
			name = MainStoryboard_iPad.storyboard;
			sourceTree = "<group>";
		};
		AC3E272815597AD2002449CF /* InfoPlist.strings */ = {
			isa = PBXVariantGroup;
			children = (
				AC3E272915597AD2002449CF /* en */,
			);
			name = InfoPlist.strings;
			sourceTree = "<group>";
		};
/* End PBXVariantGroup section */

/* Begin XCBuildConfiguration section */
		AC3E272E15597AD2002449CF /* Debug */ = {
			isa = XCBuildConfiguration;
			buildSettings = {
				ALWAYS_SEARCH_USER_PATHS = NO;
				ARCHS = "$(ARCHS_STANDARD_32_BIT)";
				CLANG_ENABLE_OBJC_ARC = YES;
				"CODE_SIGN_IDENTITY[sdk=iphoneos*]" = "iPhone Developer";
				COPY_PHASE_STRIP = NO;
				GCC_C_LANGUAGE_STANDARD = gnu99;
				GCC_DYNAMIC_NO_PIC = NO;
				GCC_OPTIMIZATION_LEVEL = 0;
				GCC_PREPROCESSOR_DEFINITIONS = (
					"DEBUG=1",
					"$(inherited)",
				);
				GCC_SYMBOLS_PRIVATE_EXTERN = NO;
				GCC_VERSION = com.apple.compilers.llvm.clang.1_0;
				GCC_WARN_ABOUT_RETURN_TYPE = YES;
				GCC_WARN_UNINITIALIZED_AUTOS = YES;
				GCC_WARN_UNUSED_VARIABLE = YES;
				IPHONEOS_DEPLOYMENT_TARGET = 5.1;
				SDKROOT = iphoneos;
				TARGETED_DEVICE_FAMILY = "1,2";
			};
			name = Debug;
		};
		AC3E272F15597AD2002449CF /* Release */ = {
			isa = XCBuildConfiguration;
			buildSettings = {
				ALWAYS_SEARCH_USER_PATHS = NO;
				ARCHS = "$(ARCHS_STANDARD_32_BIT)";
				CLANG_ENABLE_OBJC_ARC = YES;
				"CODE_SIGN_IDENTITY[sdk=iphoneos*]" = "iPhone Developer";
				COPY_PHASE_STRIP = YES;
				GCC_C_LANGUAGE_STANDARD = gnu99;
				GCC_VERSION = com.apple.compilers.llvm.clang.1_0;
				GCC_WARN_ABOUT_RETURN_TYPE = YES;
				GCC_WARN_UNINITIALIZED_AUTOS = YES;
				GCC_WARN_UNUSED_VARIABLE = YES;
				IPHONEOS_DEPLOYMENT_TARGET = 5.1;
				OTHER_CFLAGS = "-DNS_BLOCK_ASSERTIONS=1";
				SDKROOT = iphoneos;
				TARGETED_DEVICE_FAMILY = "1,2";
				VALIDATE_PRODUCT = YES;
			};
			name = Release;
		};
		AC3E273115597AD2002449CF /* Debug */ = {
			isa = XCBuildConfiguration;
			buildSettings = {
				GCC_ENABLE_CPP_EXCEPTIONS = NO;
				GCC_ENABLE_CPP_RTTI = NO;
				GCC_INPUT_FILETYPE = automatic;
				GCC_PRECOMPILE_PREFIX_HEADER = YES;
				GCC_PREFIX_HEADER = "JamJoyn/JamJoyn-Prefix.pch";
				GCC_PREPROCESSOR_DEFINITIONS_NOT_USED_IN_PRECOMPS = "";
				HEADER_SEARCH_PATHS = (
					"\"$(SRCROOT)/../../../alljoyn_core/build/darwin/arm/$(CONFIGURATION)/dist/inc\"",
					"\"$(SRCROOT)/../../../alljoyn_core/build/darwin/arm/$(CONFIGURATION)/dist/inc/alljoyn\"",
					"\"$(SRCROOT)/../../../alljoyn_streaming/build/darwin/arm/$(CONFIGURATION)/dist/inc\"",
					"\"$(SRCROOT)/../../../alljoyn_streaming/build/darwin/arm/$(CONFIGURATION)/dist/inc/ajstream\"",
				);
				INFOPLIST_FILE = "JamJoyn/JamJoyn-Info.plist";
				LIBRARY_SEARCH_PATHS = (
					"$(inherited)",
					"\"$(SRCROOT)/../../../alljoyn_streaming/build/darwin/arm/$(CONFIGURATION)/dist/lib\"",
					"\"$(SRCROOT)/../../../alljoyn_streaming/build/darwin/arm/$(CONFIGURATION)/dist/lib\"",
					"\"$(SRCROOT)/../../../common/crypto/openssl/openssl-1.01/build/$(CONFIGURATION)-$(PLATFORM_NAME)\"",
					"\"$(SRCROOT)/../../../alljoyn_core/build/darwin/arm/debug/iphoneos/dist/lib\"",
					"\"$(SRCROOT)/../../../alljoyn_streaming/build/darwin/arm/debug/dist/lib\"",
					"\"$(SRCROOT)/../../../common/crypto/openssl/openssl-1.01/build/Debug-iphoneos\"",
				);
				OTHER_CFLAGS = (
					"-DQCC_OS_GROUP_POSIX",
					"-DQCC_OS_DARWIN",
				);
				PRODUCT_NAME = "$(TARGET_NAME)";
				USER_HEADER_SEARCH_PATHS = "\"$(SRCROOT)/../../../alljoyn_core/build/darwin/arm/$(CONFIGURATION)/dist/inc\" \"$(SRCROOT)/../../../alljoyn_core/build/darwin/arm/$(CONFIGURATION)/dist/inc/alljoyn\" \"$(SRCROOT)/../../../alljoyn_streaming/build/darwin/arm/$(CONFIGURATION)/dist/inc/ajstream\"";
				WRAPPER_EXTENSION = app;
			};
			name = Debug;
		};
		AC3E273215597AD2002449CF /* Release */ = {
			isa = XCBuildConfiguration;
			buildSettings = {
				GCC_ENABLE_CPP_EXCEPTIONS = NO;
				GCC_ENABLE_CPP_RTTI = NO;
				GCC_INPUT_FILETYPE = automatic;
				GCC_PRECOMPILE_PREFIX_HEADER = YES;
				GCC_PREFIX_HEADER = "JamJoyn/JamJoyn-Prefix.pch";
				GCC_PREPROCESSOR_DEFINITIONS_NOT_USED_IN_PRECOMPS = "";
				HEADER_SEARCH_PATHS = (
					"\"$(SRCROOT)/../../../alljoyn_core/build/darwin/arm/$(CONFIGURATION)/dist/inc\"",
					"\"$(SRCROOT)/../../../alljoyn_core/build/darwin/arm/$(CONFIGURATION)/dist/inc/alljoyn\"",
					"\"$(SRCROOT)/../../../alljoyn_streaming/build/darwin/arm/$(CONFIGURATION)/dist/inc\"",
					"\"$(SRCROOT)/../../../alljoyn_streaming/build/darwin/arm/$(CONFIGURATION)/dist/inc/ajstream\"",
				);
				INFOPLIST_FILE = "JamJoyn/JamJoyn-Info.plist";
				LIBRARY_SEARCH_PATHS = (
					"$(inherited)",
					"\"$(SRCROOT)/../../../alljoyn_streaming/build/darwin/arm/$(CONFIGURATION)/dist/lib\"",
					"\"$(SRCROOT)/../../../alljoyn_streaming/build/darwin/arm/$(CONFIGURATION)/dist/lib\"",
					"\"$(SRCROOT)/../../../common/crypto/openssl/openssl-1.01/build/$(CONFIGURATION)-$(PLATFORM_NAME)\"",
					"\"$(SRCROOT)/../../../alljoyn_core/build/darwin/arm/debug/iphoneos/dist/lib\"",
					"\"$(SRCROOT)/../../../alljoyn_streaming/build/darwin/arm/debug/dist/lib\"",
					"\"$(SRCROOT)/../../../common/crypto/openssl/openssl-1.01/build/Debug-iphoneos\"",
				);
				OTHER_CFLAGS = (
					"-DNS_BLOCK_ASSERTIONS=1",
					"-DQCC_OS_GROUP_POSIX",
					"-DQCC_OS_DARWIN",
				);
				PRODUCT_NAME = "$(TARGET_NAME)";
				USER_HEADER_SEARCH_PATHS = "$(inherited) \"$(SRCROOT)/../../../alljoyn_streaming/build/darwin/arm/$(CONFIGURATION)/dist/lib\" \"$(SRCROOT)/../../../alljoyn_streaming/build/darwin/arm/$(CONFIGURATION)/dist/lib\" \"$(SRCROOT)/../../../common/crypto/openssl/openssl-1.01/build/$(CONFIGURATION)-$(PLATFORM_NAME)\" \"$(SRCROOT)/../../../alljoyn_core/build/darwin/arm/debug/iphoneos/dist/lib\" \"$(SRCROOT)/../../../alljoyn_streaming/build/darwin/arm/debug/dist/lib\" \"$(SRCROOT)/../../../common/crypto/openssl/openssl-1.01/build/Debug-iphoneos\"";
				WRAPPER_EXTENSION = app;
			};
			name = Release;
		};
		AC3E273415597AD2002449CF /* Debug */ = {
			isa = XCBuildConfiguration;
			buildSettings = {
				BUNDLE_LOADER = "$(BUILT_PRODUCTS_DIR)/JamJoyn.app/JamJoyn";
				FRAMEWORK_SEARCH_PATHS = (
					"$(SDKROOT)/Developer/Library/Frameworks",
					"$(DEVELOPER_LIBRARY_DIR)/Frameworks",
				);
				GCC_PRECOMPILE_PREFIX_HEADER = YES;
				GCC_PREFIX_HEADER = "JamJoyn/JamJoyn-Prefix.pch";
				INFOPLIST_FILE = "JamJoynTests/JamJoynTests-Info.plist";
				PRODUCT_NAME = "$(TARGET_NAME)";
				TEST_HOST = "$(BUNDLE_LOADER)";
				WRAPPER_EXTENSION = octest;
			};
			name = Debug;
		};
		AC3E273515597AD2002449CF /* Release */ = {
			isa = XCBuildConfiguration;
			buildSettings = {
				BUNDLE_LOADER = "$(BUILT_PRODUCTS_DIR)/JamJoyn.app/JamJoyn";
				FRAMEWORK_SEARCH_PATHS = (
					"$(SDKROOT)/Developer/Library/Frameworks",
					"$(DEVELOPER_LIBRARY_DIR)/Frameworks",
				);
				GCC_PRECOMPILE_PREFIX_HEADER = YES;
				GCC_PREFIX_HEADER = "JamJoyn/JamJoyn-Prefix.pch";
				INFOPLIST_FILE = "JamJoynTests/JamJoynTests-Info.plist";
				PRODUCT_NAME = "$(TARGET_NAME)";
				TEST_HOST = "$(BUNDLE_LOADER)";
				WRAPPER_EXTENSION = octest;
			};
			name = Release;
		};
/* End XCBuildConfiguration section */

/* Begin XCConfigurationList section */
		AC3E26F415597AD1002449CF /* Build configuration list for PBXProject "JamJoyn" */ = {
			isa = XCConfigurationList;
			buildConfigurations = (
				AC3E272E15597AD2002449CF /* Debug */,
				AC3E272F15597AD2002449CF /* Release */,
			);
			defaultConfigurationIsVisible = 0;
			defaultConfigurationName = Release;
		};
		AC3E273015597AD2002449CF /* Build configuration list for PBXNativeTarget "JamJoyn" */ = {
			isa = XCConfigurationList;
			buildConfigurations = (
				AC3E273115597AD2002449CF /* Debug */,
				AC3E273215597AD2002449CF /* Release */,
			);
			defaultConfigurationIsVisible = 0;
			defaultConfigurationName = Release;
		};
		AC3E273315597AD2002449CF /* Build configuration list for PBXNativeTarget "JamJoynTests" */ = {
			isa = XCConfigurationList;
			buildConfigurations = (
				AC3E273415597AD2002449CF /* Debug */,
				AC3E273515597AD2002449CF /* Release */,
			);
			defaultConfigurationIsVisible = 0;
			defaultConfigurationName = Release;
		};
/* End XCConfigurationList section */
	};
	rootObject = AC3E26F115597AD1002449CF /* Project object */;
}
