// !$*UTF8*$!
{
	archiveVersion = 1;
	classes = {
	};
	objectVersion = 46;
	objects = {

/* Begin PBXBuildFile section */
		AC898AB41602497F001F19EA /* Default-568h@2x.png in Resources */ = {isa = PBXBuildFile; fileRef = AC898AB31602497F001F19EA /* Default-568h@2x.png */; };
		ACC1723515EEC42300525051 /* AJNBasicObject.mm in Sources */ = {isa = PBXBuildFile; fileRef = ACC1723215EEC42300525051 /* AJNBasicObject.mm */; };
		ACC1723615EEC42300525051 /* BasicObject.m in Sources */ = {isa = PBXBuildFile; fileRef = ACC1723415EEC42300525051 /* BasicObject.m */; };
		ACC4FBCB15EBDF8C00B4473E /* AJNAuthenticationListenerImpl.mm in Sources */ = {isa = PBXBuildFile; fileRef = ACC4FB9615EBDF8C00B4473E /* AJNAuthenticationListenerImpl.mm */; };
		ACC4FBCC15EBDF8C00B4473E /* AJNBus.m in Sources */ = {isa = PBXBuildFile; fileRef = ACC4FB9815EBDF8C00B4473E /* AJNBus.m */; };
		ACC4FBCD15EBDF8C00B4473E /* AJNBusAttachment.mm in Sources */ = {isa = PBXBuildFile; fileRef = ACC4FB9A15EBDF8C00B4473E /* AJNBusAttachment.mm */; };
		ACC4FBCE15EBDF8C00B4473E /* AJNBusListenerImpl.mm in Sources */ = {isa = PBXBuildFile; fileRef = ACC4FB9E15EBDF8C00B4473E /* AJNBusListenerImpl.mm */; };
		ACC4FBCF15EBDF8C00B4473E /* AJNBusObject.mm in Sources */ = {isa = PBXBuildFile; fileRef = ACC4FBA015EBDF8C00B4473E /* AJNBusObject.mm */; };
		ACC4FBD015EBDF8C00B4473E /* AJNBusObjectImpl.mm in Sources */ = {isa = PBXBuildFile; fileRef = ACC4FBA215EBDF8C00B4473E /* AJNBusObjectImpl.mm */; };
		ACC4FBD115EBDF8C00B4473E /* AJNInterfaceDescription.mm in Sources */ = {isa = PBXBuildFile; fileRef = ACC4FBA515EBDF8C00B4473E /* AJNInterfaceDescription.mm */; };
		ACC4FBD215EBDF8C00B4473E /* AJNInterfaceMember.mm in Sources */ = {isa = PBXBuildFile; fileRef = ACC4FBA715EBDF8C00B4473E /* AJNInterfaceMember.mm */; };
		ACC4FBD315EBDF8C00B4473E /* AJNInterfaceProperty.mm in Sources */ = {isa = PBXBuildFile; fileRef = ACC4FBA915EBDF8C00B4473E /* AJNInterfaceProperty.mm */; };
		ACC4FBD415EBDF8C00B4473E /* AJNKeyStoreListenerImpl.mm in Sources */ = {isa = PBXBuildFile; fileRef = ACC4FBAC15EBDF8C00B4473E /* AJNKeyStoreListenerImpl.mm */; };
		ACC4FBD515EBDF8C00B4473E /* AJNMessage.mm in Sources */ = {isa = PBXBuildFile; fileRef = ACC4FBAE15EBDF8C00B4473E /* AJNMessage.mm */; };
		ACC4FBD615EBDF8C00B4473E /* AJNMessageArgument.mm in Sources */ = {isa = PBXBuildFile; fileRef = ACC4FBB015EBDF8C00B4473E /* AJNMessageArgument.mm */; };
		ACC4FBD715EBDF8C00B4473E /* AJNMessageHeaderFields.mm in Sources */ = {isa = PBXBuildFile; fileRef = ACC4FBB215EBDF8C00B4473E /* AJNMessageHeaderFields.mm */; };
		ACC4FBD815EBDF8C00B4473E /* AJNObject.m in Sources */ = {isa = PBXBuildFile; fileRef = ACC4FBB415EBDF8C00B4473E /* AJNObject.m */; };
		ACC4FBD915EBDF8C00B4473E /* AJNProxyBusObject.mm in Sources */ = {isa = PBXBuildFile; fileRef = ACC4FBB615EBDF8C00B4473E /* AJNProxyBusObject.mm */; };
		ACC4FBDA15EBDF8C00B4473E /* AJNSecurityCredentials.mm in Sources */ = {isa = PBXBuildFile; fileRef = ACC4FBB815EBDF8C00B4473E /* AJNSecurityCredentials.mm */; };
		ACC4FBDB15EBDF8C00B4473E /* AJNSessionListenerImpl.mm in Sources */ = {isa = PBXBuildFile; fileRef = ACC4FBBB15EBDF8C00B4473E /* AJNSessionListenerImpl.mm */; };
		ACC4FBDC15EBDF8C00B4473E /* AJNSessionOptions.mm in Sources */ = {isa = PBXBuildFile; fileRef = ACC4FBBD15EBDF8C00B4473E /* AJNSessionOptions.mm */; };
		ACC4FBDD15EBDF8C00B4473E /* AJNSessionPortListenerImpl.mm in Sources */ = {isa = PBXBuildFile; fileRef = ACC4FBC015EBDF8C00B4473E /* AJNSessionPortListenerImpl.mm */; };
		ACC4FBDE15EBDF8C00B4473E /* AJNSignalHandlerImpl.mm in Sources */ = {isa = PBXBuildFile; fileRef = ACC4FBC315EBDF8C00B4473E /* AJNSignalHandlerImpl.mm */; };
		ACC4FBDF15EBDF8C00B4473E /* AJNStatus.m in Sources */ = {isa = PBXBuildFile; fileRef = ACC4FBC515EBDF8C00B4473E /* AJNStatus.m */; };
		ACC4FBE015EBDF8C00B4473E /* AJNTransportMask.m in Sources */ = {isa = PBXBuildFile; fileRef = ACC4FBC715EBDF8C00B4473E /* AJNTransportMask.m */; };
		ACC4FBE115EBDF8C00B4473E /* AJNVersion.mm in Sources */ = {isa = PBXBuildFile; fileRef = ACC4FBCA15EBDF8C00B4473E /* AJNVersion.mm */; };
		ACC4FBE715EBE00C00B4473E /* SystemConfiguration.framework in Frameworks */ = {isa = PBXBuildFile; fileRef = ACC4FBE615EBE00C00B4473E /* SystemConfiguration.framework */; };
		ACEC12D815EBD640001F105B /* UIKit.framework in Frameworks */ = {isa = PBXBuildFile; fileRef = ACEC12D715EBD640001F105B /* UIKit.framework */; };
		ACEC12DA15EBD640001F105B /* Foundation.framework in Frameworks */ = {isa = PBXBuildFile; fileRef = ACEC12D915EBD640001F105B /* Foundation.framework */; };
		ACEC12DC15EBD640001F105B /* CoreGraphics.framework in Frameworks */ = {isa = PBXBuildFile; fileRef = ACEC12DB15EBD640001F105B /* CoreGraphics.framework */; };
		ACEC12E215EBD640001F105B /* InfoPlist.strings in Resources */ = {isa = PBXBuildFile; fileRef = ACEC12E015EBD640001F105B /* InfoPlist.strings */; };
		ACEC12E415EBD640001F105B /* main.m in Sources */ = {isa = PBXBuildFile; fileRef = ACEC12E315EBD640001F105B /* main.m */; };
		ACEC12E815EBD640001F105B /* AppDelegate.m in Sources */ = {isa = PBXBuildFile; fileRef = ACEC12E715EBD640001F105B /* AppDelegate.m */; };
		ACEC12EB15EBD640001F105B /* MainStoryboard_iPhone.storyboard in Resources */ = {isa = PBXBuildFile; fileRef = ACEC12E915EBD640001F105B /* MainStoryboard_iPhone.storyboard */; };
		ACEC12EE15EBD640001F105B /* MainStoryboard_iPad.storyboard in Resources */ = {isa = PBXBuildFile; fileRef = ACEC12EC15EBD640001F105B /* MainStoryboard_iPad.storyboard */; };
		ACEC12FC15EBDB91001F105B /* BusStressViewController.m in Sources */ = {isa = PBXBuildFile; fileRef = ACEC12FB15EBDB91001F105B /* BusStressViewController.m */; };
		ACF9690F15EBE5810015674C /* BusStressManager.mm in Sources */ = {isa = PBXBuildFile; fileRef = ACF9690E15EBE5810015674C /* BusStressManager.mm */; };
/* End PBXBuildFile section */

/* Begin PBXFileReference section */
		AC898AB31602497F001F19EA /* Default-568h@2x.png */ = {isa = PBXFileReference; lastKnownFileType = image.png; path = "Default-568h@2x.png"; sourceTree = "<group>"; };
		ACC1723115EEC42300525051 /* AJNBasicObject.h */ = {isa = PBXFileReference; fileEncoding = 4; lastKnownFileType = sourcecode.c.h; path = AJNBasicObject.h; sourceTree = "<group>"; };
		ACC1723215EEC42300525051 /* AJNBasicObject.mm */ = {isa = PBXFileReference; fileEncoding = 4; lastKnownFileType = sourcecode.cpp.objcpp; path = AJNBasicObject.mm; sourceTree = "<group>"; };
		ACC1723315EEC42300525051 /* BasicObject.h */ = {isa = PBXFileReference; fileEncoding = 4; lastKnownFileType = sourcecode.c.h; path = BasicObject.h; sourceTree = "<group>"; };
		ACC1723415EEC42300525051 /* BasicObject.m */ = {isa = PBXFileReference; fileEncoding = 4; lastKnownFileType = sourcecode.c.objc; path = BasicObject.m; sourceTree = "<group>"; };
		ACC4FB9415EBDF7E00B4473E /* AJNAuthenticationListener.h */ = {isa = PBXFileReference; fileEncoding = 4; lastKnownFileType = sourcecode.c.h; name = AJNAuthenticationListener.h; path = ../../../AllJoynFramework/AllJoynFramework/AJNAuthenticationListener.h; sourceTree = "<group>"; };
		ACC4FB9515EBDF8C00B4473E /* AJNAuthenticationListenerImpl.h */ = {isa = PBXFileReference; fileEncoding = 4; lastKnownFileType = sourcecode.c.h; name = AJNAuthenticationListenerImpl.h; path = ../../../AllJoynFramework/AllJoynFramework/AJNAuthenticationListenerImpl.h; sourceTree = "<group>"; };
		ACC4FB9615EBDF8C00B4473E /* AJNAuthenticationListenerImpl.mm */ = {isa = PBXFileReference; fileEncoding = 4; lastKnownFileType = sourcecode.cpp.objcpp; name = AJNAuthenticationListenerImpl.mm; path = ../../../AllJoynFramework/AllJoynFramework/AJNAuthenticationListenerImpl.mm; sourceTree = "<group>"; };
		ACC4FB9715EBDF8C00B4473E /* AJNBus.h */ = {isa = PBXFileReference; fileEncoding = 4; lastKnownFileType = sourcecode.c.h; name = AJNBus.h; path = ../../../AllJoynFramework/AllJoynFramework/AJNBus.h; sourceTree = "<group>"; };
		ACC4FB9815EBDF8C00B4473E /* AJNBus.m */ = {isa = PBXFileReference; fileEncoding = 4; lastKnownFileType = sourcecode.c.objc; name = AJNBus.m; path = ../../../AllJoynFramework/AllJoynFramework/AJNBus.m; sourceTree = "<group>"; };
		ACC4FB9915EBDF8C00B4473E /* AJNBusAttachment.h */ = {isa = PBXFileReference; fileEncoding = 4; lastKnownFileType = sourcecode.c.h; name = AJNBusAttachment.h; path = ../../../AllJoynFramework/AllJoynFramework/AJNBusAttachment.h; sourceTree = "<group>"; };
		ACC4FB9A15EBDF8C00B4473E /* AJNBusAttachment.mm */ = {isa = PBXFileReference; fileEncoding = 4; lastKnownFileType = sourcecode.cpp.objcpp; name = AJNBusAttachment.mm; path = ../../../AllJoynFramework/AllJoynFramework/AJNBusAttachment.mm; sourceTree = "<group>"; };
		ACC4FB9B15EBDF8C00B4473E /* AJNBusInterface.h */ = {isa = PBXFileReference; fileEncoding = 4; lastKnownFileType = sourcecode.c.h; name = AJNBusInterface.h; path = ../../../AllJoynFramework/AllJoynFramework/AJNBusInterface.h; sourceTree = "<group>"; };
		ACC4FB9C15EBDF8C00B4473E /* AJNBusListener.h */ = {isa = PBXFileReference; fileEncoding = 4; lastKnownFileType = sourcecode.c.h; name = AJNBusListener.h; path = ../../../AllJoynFramework/AllJoynFramework/AJNBusListener.h; sourceTree = "<group>"; };
		ACC4FB9D15EBDF8C00B4473E /* AJNBusListenerImpl.h */ = {isa = PBXFileReference; fileEncoding = 4; lastKnownFileType = sourcecode.c.h; name = AJNBusListenerImpl.h; path = ../../../AllJoynFramework/AllJoynFramework/AJNBusListenerImpl.h; sourceTree = "<group>"; };
		ACC4FB9E15EBDF8C00B4473E /* AJNBusListenerImpl.mm */ = {isa = PBXFileReference; fileEncoding = 4; lastKnownFileType = sourcecode.cpp.objcpp; name = AJNBusListenerImpl.mm; path = ../../../AllJoynFramework/AllJoynFramework/AJNBusListenerImpl.mm; sourceTree = "<group>"; };
		ACC4FB9F15EBDF8C00B4473E /* AJNBusObject.h */ = {isa = PBXFileReference; fileEncoding = 4; lastKnownFileType = sourcecode.c.h; name = AJNBusObject.h; path = ../../../AllJoynFramework/AllJoynFramework/AJNBusObject.h; sourceTree = "<group>"; };
		ACC4FBA015EBDF8C00B4473E /* AJNBusObject.mm */ = {isa = PBXFileReference; fileEncoding = 4; lastKnownFileType = sourcecode.cpp.objcpp; name = AJNBusObject.mm; path = ../../../AllJoynFramework/AllJoynFramework/AJNBusObject.mm; sourceTree = "<group>"; };
		ACC4FBA115EBDF8C00B4473E /* AJNBusObjectImpl.h */ = {isa = PBXFileReference; fileEncoding = 4; lastKnownFileType = sourcecode.c.h; name = AJNBusObjectImpl.h; path = ../../../AllJoynFramework/AllJoynFramework/AJNBusObjectImpl.h; sourceTree = "<group>"; };
		ACC4FBA215EBDF8C00B4473E /* AJNBusObjectImpl.mm */ = {isa = PBXFileReference; fileEncoding = 4; lastKnownFileType = sourcecode.cpp.objcpp; name = AJNBusObjectImpl.mm; path = ../../../AllJoynFramework/AllJoynFramework/AJNBusObjectImpl.mm; sourceTree = "<group>"; };
		ACC4FBA315EBDF8C00B4473E /* AJNHandle.h */ = {isa = PBXFileReference; fileEncoding = 4; lastKnownFileType = sourcecode.c.h; name = AJNHandle.h; path = ../../../AllJoynFramework/AllJoynFramework/AJNHandle.h; sourceTree = "<group>"; };
		ACC4FBA415EBDF8C00B4473E /* AJNInterfaceDescription.h */ = {isa = PBXFileReference; fileEncoding = 4; lastKnownFileType = sourcecode.c.h; name = AJNInterfaceDescription.h; path = ../../../AllJoynFramework/AllJoynFramework/AJNInterfaceDescription.h; sourceTree = "<group>"; };
		ACC4FBA515EBDF8C00B4473E /* AJNInterfaceDescription.mm */ = {isa = PBXFileReference; fileEncoding = 4; lastKnownFileType = sourcecode.cpp.objcpp; name = AJNInterfaceDescription.mm; path = ../../../AllJoynFramework/AllJoynFramework/AJNInterfaceDescription.mm; sourceTree = "<group>"; };
		ACC4FBA615EBDF8C00B4473E /* AJNInterfaceMember.h */ = {isa = PBXFileReference; fileEncoding = 4; lastKnownFileType = sourcecode.c.h; name = AJNInterfaceMember.h; path = ../../../AllJoynFramework/AllJoynFramework/AJNInterfaceMember.h; sourceTree = "<group>"; };
		ACC4FBA715EBDF8C00B4473E /* AJNInterfaceMember.mm */ = {isa = PBXFileReference; fileEncoding = 4; lastKnownFileType = sourcecode.cpp.objcpp; name = AJNInterfaceMember.mm; path = ../../../AllJoynFramework/AllJoynFramework/AJNInterfaceMember.mm; sourceTree = "<group>"; };
		ACC4FBA815EBDF8C00B4473E /* AJNInterfaceProperty.h */ = {isa = PBXFileReference; fileEncoding = 4; lastKnownFileType = sourcecode.c.h; name = AJNInterfaceProperty.h; path = ../../../AllJoynFramework/AllJoynFramework/AJNInterfaceProperty.h; sourceTree = "<group>"; };
		ACC4FBA915EBDF8C00B4473E /* AJNInterfaceProperty.mm */ = {isa = PBXFileReference; fileEncoding = 4; lastKnownFileType = sourcecode.cpp.objcpp; name = AJNInterfaceProperty.mm; path = ../../../AllJoynFramework/AllJoynFramework/AJNInterfaceProperty.mm; sourceTree = "<group>"; };
		ACC4FBAA15EBDF8C00B4473E /* AJNKeyStoreListener.h */ = {isa = PBXFileReference; fileEncoding = 4; lastKnownFileType = sourcecode.c.h; name = AJNKeyStoreListener.h; path = ../../../AllJoynFramework/AllJoynFramework/AJNKeyStoreListener.h; sourceTree = "<group>"; };
		ACC4FBAB15EBDF8C00B4473E /* AJNKeyStoreListenerImpl.h */ = {isa = PBXFileReference; fileEncoding = 4; lastKnownFileType = sourcecode.c.h; name = AJNKeyStoreListenerImpl.h; path = ../../../AllJoynFramework/AllJoynFramework/AJNKeyStoreListenerImpl.h; sourceTree = "<group>"; };
		ACC4FBAC15EBDF8C00B4473E /* AJNKeyStoreListenerImpl.mm */ = {isa = PBXFileReference; fileEncoding = 4; lastKnownFileType = sourcecode.cpp.objcpp; name = AJNKeyStoreListenerImpl.mm; path = ../../../AllJoynFramework/AllJoynFramework/AJNKeyStoreListenerImpl.mm; sourceTree = "<group>"; };
		ACC4FBAD15EBDF8C00B4473E /* AJNMessage.h */ = {isa = PBXFileReference; fileEncoding = 4; lastKnownFileType = sourcecode.c.h; name = AJNMessage.h; path = ../../../AllJoynFramework/AllJoynFramework/AJNMessage.h; sourceTree = "<group>"; };
		ACC4FBAE15EBDF8C00B4473E /* AJNMessage.mm */ = {isa = PBXFileReference; fileEncoding = 4; lastKnownFileType = sourcecode.cpp.objcpp; name = AJNMessage.mm; path = ../../../AllJoynFramework/AllJoynFramework/AJNMessage.mm; sourceTree = "<group>"; };
		ACC4FBAF15EBDF8C00B4473E /* AJNMessageArgument.h */ = {isa = PBXFileReference; fileEncoding = 4; lastKnownFileType = sourcecode.c.h; name = AJNMessageArgument.h; path = ../../../AllJoynFramework/AllJoynFramework/AJNMessageArgument.h; sourceTree = "<group>"; };
		ACC4FBB015EBDF8C00B4473E /* AJNMessageArgument.mm */ = {isa = PBXFileReference; fileEncoding = 4; lastKnownFileType = sourcecode.cpp.objcpp; name = AJNMessageArgument.mm; path = ../../../AllJoynFramework/AllJoynFramework/AJNMessageArgument.mm; sourceTree = "<group>"; };
		ACC4FBB115EBDF8C00B4473E /* AJNMessageHeaderFields.h */ = {isa = PBXFileReference; fileEncoding = 4; lastKnownFileType = sourcecode.c.h; name = AJNMessageHeaderFields.h; path = ../../../AllJoynFramework/AllJoynFramework/AJNMessageHeaderFields.h; sourceTree = "<group>"; };
		ACC4FBB215EBDF8C00B4473E /* AJNMessageHeaderFields.mm */ = {isa = PBXFileReference; fileEncoding = 4; lastKnownFileType = sourcecode.cpp.objcpp; name = AJNMessageHeaderFields.mm; path = ../../../AllJoynFramework/AllJoynFramework/AJNMessageHeaderFields.mm; sourceTree = "<group>"; };
		ACC4FBB315EBDF8C00B4473E /* AJNObject.h */ = {isa = PBXFileReference; fileEncoding = 4; lastKnownFileType = sourcecode.c.h; name = AJNObject.h; path = ../../../AllJoynFramework/AllJoynFramework/AJNObject.h; sourceTree = "<group>"; };
		ACC4FBB415EBDF8C00B4473E /* AJNObject.m */ = {isa = PBXFileReference; fileEncoding = 4; lastKnownFileType = sourcecode.c.objc; name = AJNObject.m; path = ../../../AllJoynFramework/AllJoynFramework/AJNObject.m; sourceTree = "<group>"; };
		ACC4FBB515EBDF8C00B4473E /* AJNProxyBusObject.h */ = {isa = PBXFileReference; fileEncoding = 4; lastKnownFileType = sourcecode.c.h; name = AJNProxyBusObject.h; path = ../../../AllJoynFramework/AllJoynFramework/AJNProxyBusObject.h; sourceTree = "<group>"; };
		ACC4FBB615EBDF8C00B4473E /* AJNProxyBusObject.mm */ = {isa = PBXFileReference; fileEncoding = 4; lastKnownFileType = sourcecode.cpp.objcpp; name = AJNProxyBusObject.mm; path = ../../../AllJoynFramework/AllJoynFramework/AJNProxyBusObject.mm; sourceTree = "<group>"; };
		ACC4FBB715EBDF8C00B4473E /* AJNSecurityCredentials.h */ = {isa = PBXFileReference; fileEncoding = 4; lastKnownFileType = sourcecode.c.h; name = AJNSecurityCredentials.h; path = ../../../AllJoynFramework/AllJoynFramework/AJNSecurityCredentials.h; sourceTree = "<group>"; };
		ACC4FBB815EBDF8C00B4473E /* AJNSecurityCredentials.mm */ = {isa = PBXFileReference; fileEncoding = 4; lastKnownFileType = sourcecode.cpp.objcpp; name = AJNSecurityCredentials.mm; path = ../../../AllJoynFramework/AllJoynFramework/AJNSecurityCredentials.mm; sourceTree = "<group>"; };
		ACC4FBB915EBDF8C00B4473E /* AJNSessionListener.h */ = {isa = PBXFileReference; fileEncoding = 4; lastKnownFileType = sourcecode.c.h; name = AJNSessionListener.h; path = ../../../AllJoynFramework/AllJoynFramework/AJNSessionListener.h; sourceTree = "<group>"; };
		ACC4FBBA15EBDF8C00B4473E /* AJNSessionListenerImpl.h */ = {isa = PBXFileReference; fileEncoding = 4; lastKnownFileType = sourcecode.c.h; name = AJNSessionListenerImpl.h; path = ../../../AllJoynFramework/AllJoynFramework/AJNSessionListenerImpl.h; sourceTree = "<group>"; };
		ACC4FBBB15EBDF8C00B4473E /* AJNSessionListenerImpl.mm */ = {isa = PBXFileReference; fileEncoding = 4; lastKnownFileType = sourcecode.cpp.objcpp; name = AJNSessionListenerImpl.mm; path = ../../../AllJoynFramework/AllJoynFramework/AJNSessionListenerImpl.mm; sourceTree = "<group>"; };
		ACC4FBBC15EBDF8C00B4473E /* AJNSessionOptions.h */ = {isa = PBXFileReference; fileEncoding = 4; lastKnownFileType = sourcecode.c.h; name = AJNSessionOptions.h; path = ../../../AllJoynFramework/AllJoynFramework/AJNSessionOptions.h; sourceTree = "<group>"; };
		ACC4FBBD15EBDF8C00B4473E /* AJNSessionOptions.mm */ = {isa = PBXFileReference; fileEncoding = 4; lastKnownFileType = sourcecode.cpp.objcpp; name = AJNSessionOptions.mm; path = ../../../AllJoynFramework/AllJoynFramework/AJNSessionOptions.mm; sourceTree = "<group>"; };
		ACC4FBBE15EBDF8C00B4473E /* AJNSessionPortListener.h */ = {isa = PBXFileReference; fileEncoding = 4; lastKnownFileType = sourcecode.c.h; name = AJNSessionPortListener.h; path = ../../../AllJoynFramework/AllJoynFramework/AJNSessionPortListener.h; sourceTree = "<group>"; };
		ACC4FBBF15EBDF8C00B4473E /* AJNSessionPortListenerImpl.h */ = {isa = PBXFileReference; fileEncoding = 4; lastKnownFileType = sourcecode.c.h; name = AJNSessionPortListenerImpl.h; path = ../../../AllJoynFramework/AllJoynFramework/AJNSessionPortListenerImpl.h; sourceTree = "<group>"; };
		ACC4FBC015EBDF8C00B4473E /* AJNSessionPortListenerImpl.mm */ = {isa = PBXFileReference; fileEncoding = 4; lastKnownFileType = sourcecode.cpp.objcpp; name = AJNSessionPortListenerImpl.mm; path = ../../../AllJoynFramework/AllJoynFramework/AJNSessionPortListenerImpl.mm; sourceTree = "<group>"; };
		ACC4FBC115EBDF8C00B4473E /* AJNSignalHandler.h */ = {isa = PBXFileReference; fileEncoding = 4; lastKnownFileType = sourcecode.c.h; name = AJNSignalHandler.h; path = ../../../AllJoynFramework/AllJoynFramework/AJNSignalHandler.h; sourceTree = "<group>"; };
		ACC4FBC215EBDF8C00B4473E /* AJNSignalHandlerImpl.h */ = {isa = PBXFileReference; fileEncoding = 4; lastKnownFileType = sourcecode.c.h; name = AJNSignalHandlerImpl.h; path = ../../../AllJoynFramework/AllJoynFramework/AJNSignalHandlerImpl.h; sourceTree = "<group>"; };
		ACC4FBC315EBDF8C00B4473E /* AJNSignalHandlerImpl.mm */ = {isa = PBXFileReference; fileEncoding = 4; lastKnownFileType = sourcecode.cpp.objcpp; name = AJNSignalHandlerImpl.mm; path = ../../../AllJoynFramework/AllJoynFramework/AJNSignalHandlerImpl.mm; sourceTree = "<group>"; };
		ACC4FBC415EBDF8C00B4473E /* AJNStatus.h */ = {isa = PBXFileReference; fileEncoding = 4; lastKnownFileType = sourcecode.c.h; name = AJNStatus.h; path = ../../../AllJoynFramework/AllJoynFramework/AJNStatus.h; sourceTree = "<group>"; };
		ACC4FBC515EBDF8C00B4473E /* AJNStatus.m */ = {isa = PBXFileReference; fileEncoding = 4; lastKnownFileType = sourcecode.c.objc; name = AJNStatus.m; path = ../../../AllJoynFramework/AllJoynFramework/AJNStatus.m; sourceTree = "<group>"; };
		ACC4FBC615EBDF8C00B4473E /* AJNTransportMask.h */ = {isa = PBXFileReference; fileEncoding = 4; lastKnownFileType = sourcecode.c.h; name = AJNTransportMask.h; path = ../../../AllJoynFramework/AllJoynFramework/AJNTransportMask.h; sourceTree = "<group>"; };
		ACC4FBC715EBDF8C00B4473E /* AJNTransportMask.m */ = {isa = PBXFileReference; fileEncoding = 4; lastKnownFileType = sourcecode.c.objc; name = AJNTransportMask.m; path = ../../../AllJoynFramework/AllJoynFramework/AJNTransportMask.m; sourceTree = "<group>"; };
		ACC4FBC815EBDF8C00B4473E /* AJNType.h */ = {isa = PBXFileReference; fileEncoding = 4; lastKnownFileType = sourcecode.c.h; name = AJNType.h; path = ../../../AllJoynFramework/AllJoynFramework/AJNType.h; sourceTree = "<group>"; };
		ACC4FBC915EBDF8C00B4473E /* AJNVersion.h */ = {isa = PBXFileReference; fileEncoding = 4; lastKnownFileType = sourcecode.c.h; name = AJNVersion.h; path = ../../../AllJoynFramework/AllJoynFramework/AJNVersion.h; sourceTree = "<group>"; };
		ACC4FBCA15EBDF8C00B4473E /* AJNVersion.mm */ = {isa = PBXFileReference; fileEncoding = 4; lastKnownFileType = sourcecode.cpp.objcpp; name = AJNVersion.mm; path = ../../../AllJoynFramework/AllJoynFramework/AJNVersion.mm; sourceTree = "<group>"; };
		ACC4FBE615EBE00C00B4473E /* SystemConfiguration.framework */ = {isa = PBXFileReference; lastKnownFileType = wrapper.framework; name = SystemConfiguration.framework; path = System/Library/Frameworks/SystemConfiguration.framework; sourceTree = SDKROOT; };
		ACEC12D315EBD640001F105B /* Bus Stress.app */ = {isa = PBXFileReference; explicitFileType = wrapper.application; includeInIndex = 0; path = "Bus Stress.app"; sourceTree = BUILT_PRODUCTS_DIR; };
		ACEC12D715EBD640001F105B /* UIKit.framework */ = {isa = PBXFileReference; lastKnownFileType = wrapper.framework; name = UIKit.framework; path = System/Library/Frameworks/UIKit.framework; sourceTree = SDKROOT; };
		ACEC12D915EBD640001F105B /* Foundation.framework */ = {isa = PBXFileReference; lastKnownFileType = wrapper.framework; name = Foundation.framework; path = System/Library/Frameworks/Foundation.framework; sourceTree = SDKROOT; };
		ACEC12DB15EBD640001F105B /* CoreGraphics.framework */ = {isa = PBXFileReference; lastKnownFileType = wrapper.framework; name = CoreGraphics.framework; path = System/Library/Frameworks/CoreGraphics.framework; sourceTree = SDKROOT; };
		ACEC12DF15EBD640001F105B /* Bus Stress-Info.plist */ = {isa = PBXFileReference; lastKnownFileType = text.plist.xml; path = "Bus Stress-Info.plist"; sourceTree = "<group>"; };
		ACEC12E115EBD640001F105B /* en */ = {isa = PBXFileReference; lastKnownFileType = text.plist.strings; name = en; path = en.lproj/InfoPlist.strings; sourceTree = "<group>"; };
		ACEC12E315EBD640001F105B /* main.m */ = {isa = PBXFileReference; lastKnownFileType = sourcecode.c.objc; path = main.m; sourceTree = "<group>"; };
		ACEC12E515EBD640001F105B /* Bus Stress-Prefix.pch */ = {isa = PBXFileReference; lastKnownFileType = sourcecode.c.h; path = "Bus Stress-Prefix.pch"; sourceTree = "<group>"; };
		ACEC12E615EBD640001F105B /* AppDelegate.h */ = {isa = PBXFileReference; lastKnownFileType = sourcecode.c.h; path = AppDelegate.h; sourceTree = "<group>"; };
		ACEC12E715EBD640001F105B /* AppDelegate.m */ = {isa = PBXFileReference; lastKnownFileType = sourcecode.c.objc; path = AppDelegate.m; sourceTree = "<group>"; };
		ACEC12EA15EBD640001F105B /* en */ = {isa = PBXFileReference; lastKnownFileType = file.storyboard; name = en; path = en.lproj/MainStoryboard_iPhone.storyboard; sourceTree = "<group>"; };
		ACEC12ED15EBD640001F105B /* en */ = {isa = PBXFileReference; lastKnownFileType = file.storyboard; name = en; path = en.lproj/MainStoryboard_iPad.storyboard; sourceTree = "<group>"; };
		ACEC12FA15EBDB91001F105B /* BusStressViewController.h */ = {isa = PBXFileReference; fileEncoding = 4; lastKnownFileType = sourcecode.c.h; path = BusStressViewController.h; sourceTree = "<group>"; };
		ACEC12FB15EBDB91001F105B /* BusStressViewController.m */ = {isa = PBXFileReference; fileEncoding = 4; lastKnownFileType = sourcecode.c.objc; path = BusStressViewController.m; sourceTree = "<group>"; };
		ACF9690D15EBE5810015674C /* BusStressManager.h */ = {isa = PBXFileReference; fileEncoding = 4; lastKnownFileType = sourcecode.c.h; path = BusStressManager.h; sourceTree = "<group>"; };
		ACF9690E15EBE5810015674C /* BusStressManager.mm */ = {isa = PBXFileReference; fileEncoding = 4; lastKnownFileType = sourcecode.cpp.objcpp; path = BusStressManager.mm; sourceTree = "<group>"; };
/* End PBXFileReference section */

/* Begin PBXFrameworksBuildPhase section */
		ACEC12D015EBD640001F105B /* Frameworks */ = {
			isa = PBXFrameworksBuildPhase;
			buildActionMask = 2147483647;
			files = (
				ACC4FBE715EBE00C00B4473E /* SystemConfiguration.framework in Frameworks */,
				ACEC12D815EBD640001F105B /* UIKit.framework in Frameworks */,
				ACEC12DA15EBD640001F105B /* Foundation.framework in Frameworks */,
				ACEC12DC15EBD640001F105B /* CoreGraphics.framework in Frameworks */,
			);
			runOnlyForDeploymentPostprocessing = 0;
		};
/* End PBXFrameworksBuildPhase section */

/* Begin PBXGroup section */
		ACC4FB9215EBDF6E00B4473E /* AllJoyn Framework */ = {
			isa = PBXGroup;
			children = (
				ACC4FB9515EBDF8C00B4473E /* AJNAuthenticationListenerImpl.h */,
				ACC4FB9615EBDF8C00B4473E /* AJNAuthenticationListenerImpl.mm */,
				ACC4FB9715EBDF8C00B4473E /* AJNBus.h */,
				ACC4FB9815EBDF8C00B4473E /* AJNBus.m */,
				ACC4FB9915EBDF8C00B4473E /* AJNBusAttachment.h */,
				ACC4FB9A15EBDF8C00B4473E /* AJNBusAttachment.mm */,
				ACC4FB9B15EBDF8C00B4473E /* AJNBusInterface.h */,
				ACC4FB9C15EBDF8C00B4473E /* AJNBusListener.h */,
				ACC4FB9D15EBDF8C00B4473E /* AJNBusListenerImpl.h */,
				ACC4FB9E15EBDF8C00B4473E /* AJNBusListenerImpl.mm */,
				ACC4FB9F15EBDF8C00B4473E /* AJNBusObject.h */,
				ACC4FBA015EBDF8C00B4473E /* AJNBusObject.mm */,
				ACC4FBA115EBDF8C00B4473E /* AJNBusObjectImpl.h */,
				ACC4FBA215EBDF8C00B4473E /* AJNBusObjectImpl.mm */,
				ACC4FBA315EBDF8C00B4473E /* AJNHandle.h */,
				ACC4FBA415EBDF8C00B4473E /* AJNInterfaceDescription.h */,
				ACC4FBA515EBDF8C00B4473E /* AJNInterfaceDescription.mm */,
				ACC4FBA615EBDF8C00B4473E /* AJNInterfaceMember.h */,
				ACC4FBA715EBDF8C00B4473E /* AJNInterfaceMember.mm */,
				ACC4FBA815EBDF8C00B4473E /* AJNInterfaceProperty.h */,
				ACC4FBA915EBDF8C00B4473E /* AJNInterfaceProperty.mm */,
				ACC4FBAA15EBDF8C00B4473E /* AJNKeyStoreListener.h */,
				ACC4FBAB15EBDF8C00B4473E /* AJNKeyStoreListenerImpl.h */,
				ACC4FBAC15EBDF8C00B4473E /* AJNKeyStoreListenerImpl.mm */,
				ACC4FBAD15EBDF8C00B4473E /* AJNMessage.h */,
				ACC4FBAE15EBDF8C00B4473E /* AJNMessage.mm */,
				ACC4FBAF15EBDF8C00B4473E /* AJNMessageArgument.h */,
				ACC4FBB015EBDF8C00B4473E /* AJNMessageArgument.mm */,
				ACC4FBB115EBDF8C00B4473E /* AJNMessageHeaderFields.h */,
				ACC4FBB215EBDF8C00B4473E /* AJNMessageHeaderFields.mm */,
				ACC4FBB315EBDF8C00B4473E /* AJNObject.h */,
				ACC4FBB415EBDF8C00B4473E /* AJNObject.m */,
				ACC4FBB515EBDF8C00B4473E /* AJNProxyBusObject.h */,
				ACC4FBB615EBDF8C00B4473E /* AJNProxyBusObject.mm */,
				ACC4FBB715EBDF8C00B4473E /* AJNSecurityCredentials.h */,
				ACC4FBB815EBDF8C00B4473E /* AJNSecurityCredentials.mm */,
				ACC4FBB915EBDF8C00B4473E /* AJNSessionListener.h */,
				ACC4FBBA15EBDF8C00B4473E /* AJNSessionListenerImpl.h */,
				ACC4FBBB15EBDF8C00B4473E /* AJNSessionListenerImpl.mm */,
				ACC4FBBC15EBDF8C00B4473E /* AJNSessionOptions.h */,
				ACC4FBBD15EBDF8C00B4473E /* AJNSessionOptions.mm */,
				ACC4FBBE15EBDF8C00B4473E /* AJNSessionPortListener.h */,
				ACC4FBBF15EBDF8C00B4473E /* AJNSessionPortListenerImpl.h */,
				ACC4FBC015EBDF8C00B4473E /* AJNSessionPortListenerImpl.mm */,
				ACC4FBC115EBDF8C00B4473E /* AJNSignalHandler.h */,
				ACC4FBC215EBDF8C00B4473E /* AJNSignalHandlerImpl.h */,
				ACC4FBC315EBDF8C00B4473E /* AJNSignalHandlerImpl.mm */,
				ACC4FBC415EBDF8C00B4473E /* AJNStatus.h */,
				ACC4FBC515EBDF8C00B4473E /* AJNStatus.m */,
				ACC4FBC615EBDF8C00B4473E /* AJNTransportMask.h */,
				ACC4FBC715EBDF8C00B4473E /* AJNTransportMask.m */,
				ACC4FBC815EBDF8C00B4473E /* AJNType.h */,
				ACC4FBC915EBDF8C00B4473E /* AJNVersion.h */,
				ACC4FBCA15EBDF8C00B4473E /* AJNVersion.mm */,
				ACC4FB9415EBDF7E00B4473E /* AJNAuthenticationListener.h */,
			);
			name = "AllJoyn Framework";
			sourceTree = "<group>";
		};
		ACEC12C815EBD640001F105B = {
			isa = PBXGroup;
			children = (
				AC898AB31602497F001F19EA /* Default-568h@2x.png */,
				ACEC12DD15EBD640001F105B /* Bus Stress */,
				ACEC12D615EBD640001F105B /* Frameworks */,
				ACEC12D415EBD640001F105B /* Products */,
			);
			sourceTree = "<group>";
		};
		ACEC12D415EBD640001F105B /* Products */ = {
			isa = PBXGroup;
			children = (
				ACEC12D315EBD640001F105B /* Bus Stress.app */,
			);
			name = Products;
			sourceTree = "<group>";
		};
		ACEC12D615EBD640001F105B /* Frameworks */ = {
			isa = PBXGroup;
			children = (
				ACC4FBE615EBE00C00B4473E /* SystemConfiguration.framework */,
				ACEC12D715EBD640001F105B /* UIKit.framework */,
				ACEC12D915EBD640001F105B /* Foundation.framework */,
				ACEC12DB15EBD640001F105B /* CoreGraphics.framework */,
			);
			name = Frameworks;
			sourceTree = "<group>";
		};
		ACEC12DD15EBD640001F105B /* Bus Stress */ = {
			isa = PBXGroup;
			children = (
				ACC4FB9215EBDF6E00B4473E /* AllJoyn Framework */,
				ACC1723115EEC42300525051 /* AJNBasicObject.h */,
				ACC1723215EEC42300525051 /* AJNBasicObject.mm */,
				ACC1723315EEC42300525051 /* BasicObject.h */,
				ACC1723415EEC42300525051 /* BasicObject.m */,
				ACEC12E615EBD640001F105B /* AppDelegate.h */,
				ACEC12E715EBD640001F105B /* AppDelegate.m */,
				ACF9690D15EBE5810015674C /* BusStressManager.h */,
				ACF9690E15EBE5810015674C /* BusStressManager.mm */,
				ACEC12FA15EBDB91001F105B /* BusStressViewController.h */,
				ACEC12FB15EBDB91001F105B /* BusStressViewController.m */,
				ACEC12E915EBD640001F105B /* MainStoryboard_iPhone.storyboard */,
				ACEC12EC15EBD640001F105B /* MainStoryboard_iPad.storyboard */,
				ACEC12DE15EBD640001F105B /* Supporting Files */,
			);
			path = "Bus Stress";
			sourceTree = "<group>";
		};
		ACEC12DE15EBD640001F105B /* Supporting Files */ = {
			isa = PBXGroup;
			children = (
				ACEC12DF15EBD640001F105B /* Bus Stress-Info.plist */,
				ACEC12E015EBD640001F105B /* InfoPlist.strings */,
				ACEC12E315EBD640001F105B /* main.m */,
				ACEC12E515EBD640001F105B /* Bus Stress-Prefix.pch */,
			);
			name = "Supporting Files";
			sourceTree = "<group>";
		};
/* End PBXGroup section */

/* Begin PBXNativeTarget section */
		ACEC12D215EBD640001F105B /* Bus Stress */ = {
			isa = PBXNativeTarget;
			buildConfigurationList = ACEC12F415EBD640001F105B /* Build configuration list for PBXNativeTarget "Bus Stress" */;
			buildPhases = (
				ACEC12CF15EBD640001F105B /* Sources */,
				ACEC12D015EBD640001F105B /* Frameworks */,
				ACEC12D115EBD640001F105B /* Resources */,
			);
			buildRules = (
			);
			dependencies = (
			);
			name = "Bus Stress";
			productName = "Bus Stress";
			productReference = ACEC12D315EBD640001F105B /* Bus Stress.app */;
			productType = "com.apple.product-type.application";
		};
/* End PBXNativeTarget section */

/* Begin PBXProject section */
		ACEC12CA15EBD640001F105B /* Project object */ = {
			isa = PBXProject;
			attributes = {
				LastUpgradeCheck = 0450;
				ORGANIZATIONNAME = "Qualcomm Innovation Center, Inc.";
			};
			buildConfigurationList = ACEC12CD15EBD640001F105B /* Build configuration list for PBXProject "Bus Stress" */;
			compatibilityVersion = "Xcode 3.2";
			developmentRegion = English;
			hasScannedForEncodings = 0;
			knownRegions = (
				en,
			);
			mainGroup = ACEC12C815EBD640001F105B;
			productRefGroup = ACEC12D415EBD640001F105B /* Products */;
			projectDirPath = "";
			projectRoot = "";
			targets = (
				ACEC12D215EBD640001F105B /* Bus Stress */,
			);
		};
/* End PBXProject section */

/* Begin PBXResourcesBuildPhase section */
		ACEC12D115EBD640001F105B /* Resources */ = {
			isa = PBXResourcesBuildPhase;
			buildActionMask = 2147483647;
			files = (
				ACEC12E215EBD640001F105B /* InfoPlist.strings in Resources */,
				ACEC12EB15EBD640001F105B /* MainStoryboard_iPhone.storyboard in Resources */,
				ACEC12EE15EBD640001F105B /* MainStoryboard_iPad.storyboard in Resources */,
				AC898AB41602497F001F19EA /* Default-568h@2x.png in Resources */,
			);
			runOnlyForDeploymentPostprocessing = 0;
		};
/* End PBXResourcesBuildPhase section */

/* Begin PBXSourcesBuildPhase section */
		ACEC12CF15EBD640001F105B /* Sources */ = {
			isa = PBXSourcesBuildPhase;
			buildActionMask = 2147483647;
			files = (
				ACEC12E415EBD640001F105B /* main.m in Sources */,
				ACEC12E815EBD640001F105B /* AppDelegate.m in Sources */,
				ACEC12FC15EBDB91001F105B /* BusStressViewController.m in Sources */,
				ACC4FBCB15EBDF8C00B4473E /* AJNAuthenticationListenerImpl.mm in Sources */,
				ACC4FBCC15EBDF8C00B4473E /* AJNBus.m in Sources */,
				ACC4FBCD15EBDF8C00B4473E /* AJNBusAttachment.mm in Sources */,
				ACC4FBCE15EBDF8C00B4473E /* AJNBusListenerImpl.mm in Sources */,
				ACC4FBCF15EBDF8C00B4473E /* AJNBusObject.mm in Sources */,
				ACC4FBD015EBDF8C00B4473E /* AJNBusObjectImpl.mm in Sources */,
				ACC4FBD115EBDF8C00B4473E /* AJNInterfaceDescription.mm in Sources */,
				ACC4FBD215EBDF8C00B4473E /* AJNInterfaceMember.mm in Sources */,
				ACC4FBD315EBDF8C00B4473E /* AJNInterfaceProperty.mm in Sources */,
				ACC4FBD415EBDF8C00B4473E /* AJNKeyStoreListenerImpl.mm in Sources */,
				ACC4FBD515EBDF8C00B4473E /* AJNMessage.mm in Sources */,
				ACC4FBD615EBDF8C00B4473E /* AJNMessageArgument.mm in Sources */,
				ACC4FBD715EBDF8C00B4473E /* AJNMessageHeaderFields.mm in Sources */,
				ACC4FBD815EBDF8C00B4473E /* AJNObject.m in Sources */,
				ACC4FBD915EBDF8C00B4473E /* AJNProxyBusObject.mm in Sources */,
				ACC4FBDA15EBDF8C00B4473E /* AJNSecurityCredentials.mm in Sources */,
				ACC4FBDB15EBDF8C00B4473E /* AJNSessionListenerImpl.mm in Sources */,
				ACC4FBDC15EBDF8C00B4473E /* AJNSessionOptions.mm in Sources */,
				ACC4FBDD15EBDF8C00B4473E /* AJNSessionPortListenerImpl.mm in Sources */,
				ACC4FBDE15EBDF8C00B4473E /* AJNSignalHandlerImpl.mm in Sources */,
				ACC4FBDF15EBDF8C00B4473E /* AJNStatus.m in Sources */,
				ACC4FBE015EBDF8C00B4473E /* AJNTransportMask.m in Sources */,
				ACC4FBE115EBDF8C00B4473E /* AJNVersion.mm in Sources */,
				ACF9690F15EBE5810015674C /* BusStressManager.mm in Sources */,
				ACC1723515EEC42300525051 /* AJNBasicObject.mm in Sources */,
				ACC1723615EEC42300525051 /* BasicObject.m in Sources */,
			);
			runOnlyForDeploymentPostprocessing = 0;
		};
/* End PBXSourcesBuildPhase section */

/* Begin PBXVariantGroup section */
		ACEC12E015EBD640001F105B /* InfoPlist.strings */ = {
			isa = PBXVariantGroup;
			children = (
				ACEC12E115EBD640001F105B /* en */,
			);
			name = InfoPlist.strings;
			sourceTree = "<group>";
		};
		ACEC12E915EBD640001F105B /* MainStoryboard_iPhone.storyboard */ = {
			isa = PBXVariantGroup;
			children = (
				ACEC12EA15EBD640001F105B /* en */,
			);
			name = MainStoryboard_iPhone.storyboard;
			sourceTree = "<group>";
		};
		ACEC12EC15EBD640001F105B /* MainStoryboard_iPad.storyboard */ = {
			isa = PBXVariantGroup;
			children = (
				ACEC12ED15EBD640001F105B /* en */,
			);
			name = MainStoryboard_iPad.storyboard;
			sourceTree = "<group>";
		};
/* End PBXVariantGroup section */

/* Begin XCBuildConfiguration section */
		ACEC12F215EBD640001F105B /* Debug */ = {
			isa = XCBuildConfiguration;
			buildSettings = {
				ALWAYS_SEARCH_USER_PATHS = NO;
				ARCHS = (
					"$(ARCHS_STANDARD_32_BIT)",
					armv7,
				);
				CLANG_CXX_LANGUAGE_STANDARD = "gnu++0x";
				CLANG_ENABLE_OBJC_ARC = YES;
				CLANG_WARN__DUPLICATE_METHOD_MATCH = YES;
				"CODE_SIGN_IDENTITY[sdk=iphoneos*]" = "iPhone Developer";
				COPY_PHASE_STRIP = NO;
				GCC_C_LANGUAGE_STANDARD = gnu99;
				GCC_DYNAMIC_NO_PIC = NO;
				GCC_OPTIMIZATION_LEVEL = 0;
				GCC_PREPROCESSOR_DEFINITIONS = (
					"DEBUG=1",
					"$(inherited)",
				);
				GCC_SYMBOLS_PRIVATE_EXTERN = NO;
				GCC_VERSION = com.apple.compilers.llvm.clang.1_0;
				GCC_WARN_ABOUT_RETURN_TYPE = YES;
				GCC_WARN_UNINITIALIZED_AUTOS = YES;
				GCC_WARN_UNUSED_VARIABLE = YES;
				IPHONEOS_DEPLOYMENT_TARGET = 6.0;
				SDKROOT = iphoneos;
				TARGETED_DEVICE_FAMILY = "1,2";
			};
			name = Debug;
		};
		ACEC12F315EBD640001F105B /* Release */ = {
			isa = XCBuildConfiguration;
			buildSettings = {
				ALWAYS_SEARCH_USER_PATHS = NO;
				ARCHS = (
					"$(ARCHS_STANDARD_32_BIT)",
					armv7,
				);
				CLANG_CXX_LANGUAGE_STANDARD = "gnu++0x";
				CLANG_ENABLE_OBJC_ARC = YES;
				CLANG_WARN__DUPLICATE_METHOD_MATCH = YES;
				"CODE_SIGN_IDENTITY[sdk=iphoneos*]" = "iPhone Developer";
				COPY_PHASE_STRIP = YES;
				GCC_C_LANGUAGE_STANDARD = gnu99;
				GCC_VERSION = com.apple.compilers.llvm.clang.1_0;
				GCC_WARN_ABOUT_RETURN_TYPE = YES;
				GCC_WARN_UNINITIALIZED_AUTOS = YES;
				GCC_WARN_UNUSED_VARIABLE = YES;
				IPHONEOS_DEPLOYMENT_TARGET = 6.0;
				OTHER_CFLAGS = "-DNS_BLOCK_ASSERTIONS=1";
				SDKROOT = iphoneos;
				TARGETED_DEVICE_FAMILY = "1,2";
				VALIDATE_PRODUCT = YES;
			};
			name = Release;
		};
		ACEC12F515EBD640001F105B /* Debug */ = {
			isa = XCBuildConfiguration;
			buildSettings = {
				ALWAYS_SEARCH_USER_PATHS = NO;
				GCC_ENABLE_CPP_EXCEPTIONS = NO;
				GCC_ENABLE_CPP_RTTI = NO;
				GCC_PRECOMPILE_PREFIX_HEADER = YES;
				GCC_PREFIX_HEADER = "Bus Stress/Bus Stress-Prefix.pch";
				HEADER_SEARCH_PATHS = (
					"\"$(SRCROOT)/../../../alljoyn_core/build/darwin/arm/$(PLATFORM_NAME)/$(CONFIGURATION)/dist/inc/alljoyn\"",
					"\"$(SRCROOT)/../../../alljoyn_core/build/darwin/arm/$(PLATFORM_NAME)/$(CONFIGURATION)/dist/inc\"",
				);
				INFOPLIST_FILE = "Bus Stress/Bus Stress-Info.plist";
				LIBRARY_SEARCH_PATHS = (
					"$(inherited)",
					"\"$(SRCROOT)/../../../alljoyn_core/build/darwin/arm/$(PLATFORM_NAME)/$(CONFIGURATION)/dist/lib\"",
					"\"$(OPENSSL_ROOT)/build/$(CONFIGURATION)-$(PLATFORM_NAME)\"",
					"\"$(SRCROOT)/../../../alljoyn_core/build/darwin/$(CURRENT_ARCH)/$(PLATFORM_NAME)/$(CONFIGURATION)/dist/lib\"",
				);
				ONLY_ACTIVE_ARCH = YES;
				OTHER_CFLAGS = (
					"-DQCC_OS_GROUP_POSIX",
					"-DQCC_OS_DARWIN",
				);
				OTHER_LDFLAGS = (
					"-lalljoyn",
					"-lajdaemon",
					"-lBundledDaemon.o",
					"-lssl",
					"-lcrypto",
				);
				PRODUCT_NAME = "$(TARGET_NAME)";
				WRAPPER_EXTENSION = app;
			};
			name = Debug;
		};
		ACEC12F615EBD640001F105B /* Release */ = {
			isa = XCBuildConfiguration;
			buildSettings = {
				ALWAYS_SEARCH_USER_PATHS = NO;
				GCC_ENABLE_CPP_EXCEPTIONS = NO;
				GCC_ENABLE_CPP_RTTI = NO;
				GCC_PRECOMPILE_PREFIX_HEADER = YES;
				GCC_PREFIX_HEADER = "Bus Stress/Bus Stress-Prefix.pch";
				HEADER_SEARCH_PATHS = (
					"\"$(SRCROOT)/../../../alljoyn_core/build/darwin/arm/$(PLATFORM_NAME)/$(CONFIGURATION)/dist/inc/alljoyn\"",
					"\"$(SRCROOT)/../../../alljoyn_core/build/darwin/arm/$(PLATFORM_NAME)/$(CONFIGURATION)/dist/inc\"",
				);
				INFOPLIST_FILE = "Bus Stress/Bus Stress-Info.plist";
				LIBRARY_SEARCH_PATHS = (
					"$(inherited)",
					"\"$(SRCROOT)/../../../alljoyn_core/build/darwin/arm/$(PLATFORM_NAME)/$(CONFIGURATION)/dist/lib\"",
					"\"$(OPENSSL_ROOT)/build/$(CONFIGURATION)-$(PLATFORM_NAME)\"",
					"\"$(SRCROOT)/../../../alljoyn_core/build/darwin/$(CURRENT_ARCH)/$(PLATFORM_NAME)/$(CONFIGURATION)/dist/lib\"",
				);
				ONLY_ACTIVE_ARCH = YES;
				OTHER_CFLAGS = (
					"-DNS_BLOCK_ASSERTIONS=1",
					"-DQCC_OS_GROUP_POSIX",
					"-DQCC_OS_DARWIN",
				);
				OTHER_LDFLAGS = (
					"-lalljoyn",
					"-lajdaemon",
					"-lBundledDaemon.o",
					"-lssl",
					"-lcrypto",
				);
				PRODUCT_NAME = "$(TARGET_NAME)";
				WRAPPER_EXTENSION = app;
			};
			name = Release;
		};
/* End XCBuildConfiguration section */

/* Begin XCConfigurationList section */
		ACEC12CD15EBD640001F105B /* Build configuration list for PBXProject "Bus Stress" */ = {
			isa = XCConfigurationList;
			buildConfigurations = (
				ACEC12F215EBD640001F105B /* Debug */,
				ACEC12F315EBD640001F105B /* Release */,
			);
			defaultConfigurationIsVisible = 0;
			defaultConfigurationName = Release;
		};
		ACEC12F415EBD640001F105B /* Build configuration list for PBXNativeTarget "Bus Stress" */ = {
			isa = XCConfigurationList;
			buildConfigurations = (
				ACEC12F515EBD640001F105B /* Debug */,
				ACEC12F615EBD640001F105B /* Release */,
			);
			defaultConfigurationIsVisible = 0;
			defaultConfigurationName = Release;
		};
/* End XCConfigurationList section */
	};
	rootObject = ACEC12CA15EBD640001F105B /* Project object */;
}
